// !$*UTF8*$!
{
	archiveVersion = 1;
	classes = {
	};
	objectVersion = 77;
	objects = {

/* Begin PBXBuildFile section */
		01C4C2C58935E241F6CC3A5C /* PhotoSourceSettingsModel.swift in Sources */ = {isa = PBXBuildFile; fileRef = 69BF7C96AF68F9EFE65696D1 /* PhotoSourceSettingsModel.swift */; };
		02AF44E803398CF5ADE3F7D2 /* ProviderSearchCache.swift in Sources */ = {isa = PBXBuildFile; fileRef = 3DA67434AD189B9C83C2DAC7 /* ProviderSearchCache.swift */; };
		08B9BDF121316E6D3AC4E4A4 /* PhotoSearchEnvironment.swift in Sources */ = {isa = PBXBuildFile; fileRef = 0575C4280CF472D4895B68ED /* PhotoSearchEnvironment.swift */; };
		0B2E5534229F988ABF2ABD56 /* ProviderSourcePolicyTests.swift in Sources */ = {isa = PBXBuildFile; fileRef = 20D1B9C3614AE9AFFBCC30FD /* ProviderSourcePolicyTests.swift */; };
		0FCAC52F0F826E1FB66A4C54 /* ThumbnailLoader.swift in Sources */ = {isa = PBXBuildFile; fileRef = E8BE507D673E42C3AC62663E /* ThumbnailLoader.swift */; };
		1008AFCF12DF81DF8615012E /* ProviderSearchCache.swift in Sources */ = {isa = PBXBuildFile; fileRef = 3DA67434AD189B9C83C2DAC7 /* ProviderSearchCache.swift */; };
		11347E44DB49B28C351FD56A /* SearchEnumerator.swift in Sources */ = {isa = PBXBuildFile; fileRef = 4B056F3E07F529D27482171E /* SearchEnumerator.swift */; };
		13E68A4236820719F19F8B19 /* ThumbnailLoaderTests.swift in Sources */ = {isa = PBXBuildFile; fileRef = 530F268BF1CEC1F159A04831 /* ThumbnailLoaderTests.swift */; };
		149DBC44BEDF226B92940B2A /* SearchResult.swift in Sources */ = {isa = PBXBuildFile; fileRef = 776D9B6CEBBABF0D607449A2 /* SearchResult.swift */; };
		15220F9D9D4587AE7B8AF69A /* ProviderRepository.swift in Sources */ = {isa = PBXBuildFile; fileRef = 15F501FBD1166694CFC87CF5 /* ProviderRepository.swift */; };
		166E6FBDE37DDD509C8798F3 /* SearchModel.swift in Sources */ = {isa = PBXBuildFile; fileRef = D5C2758EFC6C1F7C3C96B2A4 /* SearchModel.swift */; };
		16FDC664BF4C388B8939276A /* SidebarView.swift in Sources */ = {isa = PBXBuildFile; fileRef = 8F96F7C1B62EDB9FEDC217CB /* SidebarView.swift */; };
		1A08F66A8FDFA65017F213E5 /* DiscoveryFeedRepositoryTests.swift in Sources */ = {isa = PBXBuildFile; fileRef = 735D715B00C6266576676EA1 /* DiscoveryFeedRepositoryTests.swift */; };
		1C8AF389EE4655A8882C8938 /* DetailWindowReader.swift in Sources */ = {isa = PBXBuildFile; fileRef = A96510E9F960BAD5C8FAA3CF /* DetailWindowReader.swift */; };
		1E9CA5AF6E0B807B550489DF /* OpenverseClient.swift in Sources */ = {isa = PBXBuildFile; fileRef = 91490DF02E6BF161DA088775 /* OpenverseClient.swift */; };
		2CC413DFB4793C69D095FBC1 /* MetMuseumClient.swift in Sources */ = {isa = PBXBuildFile; fileRef = EEA8A56C0943AA2FC9ADE20A /* MetMuseumClient.swift */; };
		23B488B484C8CB63309A1C78 /* ProviderIdentifiers.swift in Sources */ = {isa = PBXBuildFile; fileRef = 203241881F4AE97156BBEF6A /* ProviderIdentifiers.swift */; };
		25F113DAF0298D779B665D72 /* PhotoSourceRequestPolicy.swift in Sources */ = {isa = PBXBuildFile; fileRef = 7D9B5F67E7FD1D98C6DB1333 /* PhotoSourceRequestPolicy.swift */; };
		265F7B297127DC301663C68E /* libMirageCore.a in Frameworks */ = {isa = PBXBuildFile; fileRef = 28FBD235ACD44F4965213D6E /* libMirageCore.a */; };
		299DDFD6FF86E362EEE8C76C /* ProviderPagePlanner.swift in Sources */ = {isa = PBXBuildFile; fileRef = 52B49A22FF919FA50C0E4FC7 /* ProviderPagePlanner.swift */; };
		2B126922A34AF6562188BDDD /* DetailWindowLayoutStateTests.swift in Sources */ = {isa = PBXBuildFile; fileRef = 979B26B423257DA953786A69 /* DetailWindowLayoutStateTests.swift */; };
		2B9BEFA1D8DDD6DC4447A8AB /* libMirageCore.a in Frameworks */ = {isa = PBXBuildFile; fileRef = 28FBD235ACD44F4965213D6E /* libMirageCore.a */; };
		2F6383FA1E9E430CFC0EC0AB /* ImageCard.swift in Sources */ = {isa = PBXBuildFile; fileRef = 4A7545BEEAEA3ABA16EBC75D /* ImageCard.swift */; };
		2F6E6A490E1F415CCCA9DA66 /* PixabayClientTests.swift in Sources */ = {isa = PBXBuildFile; fileRef = 68810992B725D344AE6457FE /* PixabayClientTests.swift */; };
		2442E64331C433BF9532E3EE /* MetMuseumClientTests.swift in Sources */ = {isa = PBXBuildFile; fileRef = 9EB0E75EC0D2AAA16265EDF9 /* MetMuseumClientTests.swift */; };
		2F7EEFF8EED40EE2DA3589D5 /* ImageDetailPopover.swift in Sources */ = {isa = PBXBuildFile; fileRef = AFE6B7C51B4C50CAEAFCD2D7 /* ImageDetailPopover.swift */; };
		3255F9CAD35B8A4106F839F2 /* DiceBearStyle.swift in Sources */ = {isa = PBXBuildFile; fileRef = 1C6C69679E9E199FAAA71800 /* DiceBearStyle.swift */; };
		362F5B103E70FAA8FBA8BF19 /* PhotoSourceSettingsModelTests.swift in Sources */ = {isa = PBXBuildFile; fileRef = D781E15D20DBD8EDB4252BF9 /* PhotoSourceSettingsModelTests.swift */; };
		371CC77410957FBD596632B2 /* ImageSearchService.swift in Sources */ = {isa = PBXBuildFile; fileRef = 712852E84B8494D2634B17A9 /* ImageSearchService.swift */; };
		3BDDC428BFC3CF5FF13389C2 /* ImageSearchServiceTests.swift in Sources */ = {isa = PBXBuildFile; fileRef = 32302766BC451CA5F5745529 /* ImageSearchServiceTests.swift */; };
		C1A4F7890E2D4C10A8B9F012 /* GiphyEmojiClient.swift in Sources */ = {isa = PBXBuildFile; fileRef = C1A4F7890E2D4C10A8B9F011 /* GiphyEmojiClient.swift */; };
		C1A4F7890E2D4C10A8B9F014 /* GiphyEmojiClientTests.swift in Sources */ = {isa = PBXBuildFile; fileRef = C1A4F7890E2D4C10A8B9F013 /* GiphyEmojiClientTests.swift */; };
		C1A4F7890E2D4C10A8B9F016 /* GiphyCatalogClient.swift in Sources */ = {isa = PBXBuildFile; fileRef = C1A4F7890E2D4C10A8B9F015 /* GiphyCatalogClient.swift */; };
		C1A4F7890E2D4C10A8B9F018 /* GiphyCatalogClientTests.swift in Sources */ = {isa = PBXBuildFile; fileRef = C1A4F7890E2D4C10A8B9F017 /* GiphyCatalogClientTests.swift */; };
		4A84D3881A34B313A483CCC4 /* MirageSystemIntegration.swift in Sources */ = {isa = PBXBuildFile; fileRef = 5EB798163545D3F8C9EA39E6 /* MirageSystemIntegration.swift */; };
		4AB55F4BCEF3FEF8EA8034E1 /* DetailWindowCoordinator.swift in Sources */ = {isa = PBXBuildFile; fileRef = EFFD2752E8DDA600E505E5BE /* DetailWindowCoordinator.swift */; };
		4D1C1DFF1F15D855BB8E4879 /* PhotoSource.swift in Sources */ = {isa = PBXBuildFile; fileRef = BDD59051C53C7E99FE6187AD /* PhotoSource.swift */; };
		4DC1042CB44FE1C0264AB243 /* Assets.xcassets in Resources */ = {isa = PBXBuildFile; fileRef = 86D01A404320AA471FC8774F /* Assets.xcassets */; };
		51A2048ADB2D4629967639E8 /* ProviderItem.swift in Sources */ = {isa = PBXBuildFile; fileRef = A5032B6A2667C9906D3A2948 /* ProviderItem.swift */; };
		538203BB61E1365602C328D1 /* PexelsClient.swift in Sources */ = {isa = PBXBuildFile; fileRef = FBEDD3329E0564D7ADAC087D /* PexelsClient.swift */; };
		545B0FC78B7BE9A39D073C85 /* DiscoveryFeedSnapshotMutationNotifier.swift in Sources */ = {isa = PBXBuildFile; fileRef = 323FC229B9D85F665E111381 /* DiscoveryFeedSnapshotMutationNotifier.swift */; };
		548097202E50C19DC1B219E3 /* SearchQueryParser.swift in Sources */ = {isa = PBXBuildFile; fileRef = B5F727B0CD46FC3DC2E73C4F /* SearchQueryParser.swift */; };
		549AAB47F800C0AF7025674A /* AggregatedPhotoSearcherConcurrencyTests.swift in Sources */ = {isa = PBXBuildFile; fileRef = 789CB076C501B5489F6CCB14 /* AggregatedPhotoSearcherConcurrencyTests.swift */; };
		552BC2EC1AA3434654B472C9 /* AppGroupStorage.swift in Sources */ = {isa = PBXBuildFile; fileRef = EC8B250AC61C45E5B8256F11 /* AppGroupStorage.swift */; };
		55FA24C51C2F45CDB36B0F41 /* ProviderItem.swift in Sources */ = {isa = PBXBuildFile; fileRef = A5032B6A2667C9906D3A2948 /* ProviderItem.swift */; };
		57C2AE6F72A4A029869464CF /* PhotoSourceBatchStore.swift in Sources */ = {isa = PBXBuildFile; fileRef = 89EF2418290A4416BD485F54 /* PhotoSourceBatchStore.swift */; };
		5AF8BBA00F619CABF2B099B9 /* ProviderIdentifiers.swift in Sources */ = {isa = PBXBuildFile; fileRef = 203241881F4AE97156BBEF6A /* ProviderIdentifiers.swift */; };
		5C6CE33E23B72755DC027564 /* libMirageDetailWindow.a in Frameworks */ = {isa = PBXBuildFile; fileRef = 0035164C1C62AEC278295E6C /* libMirageDetailWindow.a */; };
		5DE9203DD14509E97E09AD6A /* DiscoveryRecommendation.swift in Sources */ = {isa = PBXBuildFile; fileRef = 072DD1D2AC50C3513B38948A /* DiscoveryRecommendation.swift */; };
		61041A9D8AE6A48551D518F0 /* ProviderAsyncSupport.swift in Sources */ = {isa = PBXBuildFile; fileRef = 6A6D85D6030DF29BA3EE61F0 /* ProviderAsyncSupport.swift */; };
		619EB03775C37070DAD75119 /* ProviderCatalog.swift in Sources */ = {isa = PBXBuildFile; fileRef = 01A8C82ADCD2EA02CBF20C20 /* ProviderCatalog.swift */; };
		6F7EC1559ACF562A306AB57A /* NASAImagesClient.swift in Sources */ = {isa = PBXBuildFile; fileRef = 70BC7EEBA6DAC48B5389D59C /* NASAImagesClient.swift */; };
		705CBFFD8A543C52F747FA19 /* AppViewState.swift in Sources */ = {isa = PBXBuildFile; fileRef = FE5E2B42AD514018FDA6A230 /* AppViewState.swift */; };
		7077B5D834EE7563D1E76A84 /* ProviderEnumerator.swift in Sources */ = {isa = PBXBuildFile; fileRef = 5664A659FF167A24F3F75DA8 /* ProviderEnumerator.swift */; };
		7292A0A34B51275F855EC788 /* SearchPagePlanner.swift in Sources */ = {isa = PBXBuildFile; fileRef = 4BA9C5A9E569654259585D18 /* SearchPagePlanner.swift */; };
		72F5991548F46E610E6C90EB /* PhotoSourcePreferencesStoreTests.swift in Sources */ = {isa = PBXBuildFile; fileRef = B2805C4213960EEFC0C8B863 /* PhotoSourcePreferencesStoreTests.swift */; };
		75E5035BFD3E79A99588FE57 /* ProviderThumbnailBatch.swift in Sources */ = {isa = PBXBuildFile; fileRef = 220292DFDD346DB420200C41 /* ProviderThumbnailBatch.swift */; };
		77560B755F59DC94AE0E17BC /* AppViewState.swift in Sources */ = {isa = PBXBuildFile; fileRef = FE5E2B42AD514018FDA6A230 /* AppViewState.swift */; };
		79F0BD0C9F2EAC0B4D8D24FD /* FileProviderExtension+Content.swift in Sources */ = {isa = PBXBuildFile; fileRef = EFA5DCCF48C197C22F343AC0 /* FileProviderExtension+Content.swift */; };
		7AE4CFAC516648C8B220D8EE /* ProviderAsyncSupport.swift in Sources */ = {isa = PBXBuildFile; fileRef = 6A6D85D6030DF29BA3EE61F0 /* ProviderAsyncSupport.swift */; };
		856A620D824204103E9B84E4 /* ProviderRepositoryPageSnapshotTests.swift in Sources */ = {isa = PBXBuildFile; fileRef = 92D53877C9941928E111849A /* ProviderRepositoryPageSnapshotTests.swift */; };
		87BA4968F8E3F713309B5588 /* ConfiguredPhotoSearcherTests.swift in Sources */ = {isa = PBXBuildFile; fileRef = 445083B2456F60A1FB7ECA53 /* ConfiguredPhotoSearcherTests.swift */; };
		8EDC0FC34725E5A6AB8F1824 /* ProviderPagePlannerTests.swift in Sources */ = {isa = PBXBuildFile; fileRef = 03C6DBE24D83ADC6059FF9E6 /* ProviderPagePlannerTests.swift */; };
		95C654E1F2BC055482310595 /* LibraryGridView.swift in Sources */ = {isa = PBXBuildFile; fileRef = 4BA52EF87F1F723064DA348D /* LibraryGridView.swift */; };
		96EE0D4B2968CB78CC0F7EE2 /* SearchPagePlanner.swift in Sources */ = {isa = PBXBuildFile; fileRef = 4BA9C5A9E569654259585D18 /* SearchPagePlanner.swift */; };
		98AAFE21526102B7BA6B703D /* DetailDrawerMetrics.swift in Sources */ = {isa = PBXBuildFile; fileRef = 4136DEAEF791EE9942C29E33 /* DetailDrawerMetrics.swift */; };
		98B96EBA4646C81722A518CC /* DetailWindowLayoutState.swift in Sources */ = {isa = PBXBuildFile; fileRef = 68433E1057AAED506C0900F3 /* DetailWindowLayoutState.swift */; };
		98242B3563636FF915BAC20D /* NASAImagesClientTests.swift in Sources */ = {isa = PBXBuildFile; fileRef = D211C0CE00B4780D047748CD /* NASAImagesClientTests.swift */; };
		99E06263B6E64F072168F5AA /* DiscoveryFeedRepository.swift in Sources */ = {isa = PBXBuildFile; fileRef = 84F184830CB335FCE833ACA2 /* DiscoveryFeedRepository.swift */; };
		9B2B3683BDD6F188F4FF94B4 /* AppModel.swift in Sources */ = {isa = PBXBuildFile; fileRef = 4317C2B9AEBF745304572E2B /* AppModel.swift */; };
		9BFD2C5ECDDEF2EF2F422870 /* SearchEnumerator.swift in Sources */ = {isa = PBXBuildFile; fileRef = 4B056F3E07F529D27482171E /* SearchEnumerator.swift */; };
		9DD97EB1FABDA5F9FAE29154 /* ProviderThumbnailBatchTests.swift in Sources */ = {isa = PBXBuildFile; fileRef = B53EB5D0B8258A96BABF1468 /* ProviderThumbnailBatchTests.swift */; };
		9EDDC96D7EA30CE54CA218D8 /* ProviderSearchResultStoring.swift in Sources */ = {isa = PBXBuildFile; fileRef = E7DEB7FD9BE060465DE34F0A /* ProviderSearchResultStoring.swift */; };
		A044C48E7A09C0FD50AF12B2 /* RemoteImageRecord.swift in Sources */ = {isa = PBXBuildFile; fileRef = D3669203491BD3021AB3F633 /* RemoteImageRecord.swift */; };
		A4D101E7B0EACE499A2DAB29 /* PhotoSourceProviderSettingsPane.swift in Sources */ = {isa = PBXBuildFile; fileRef = 157A7276FBF8E70C249F1F16 /* PhotoSourceProviderSettingsPane.swift */; };
		A8FDD253FD3F538032A1CCC5 /* ContentView.swift in Sources */ = {isa = PBXBuildFile; fileRef = 948E8761E82C9C91131B7E14 /* ContentView.swift */; };
		AA71B478F178A01CE438EF6A /* ImageTranscoder.swift in Sources */ = {isa = PBXBuildFile; fileRef = D983E444CBDF7B9CBBD5BB22 /* ImageTranscoder.swift */; };
		AD19852316BE7E8859C3D769 /* QueryAndIdentifierTests.swift in Sources */ = {isa = PBXBuildFile; fileRef = AE6043B99B3B749FF04D061F /* QueryAndIdentifierTests.swift */; };
		AE4445BE8F6DD1D0A6667564 /* ThumbnailLoader.swift in Sources */ = {isa = PBXBuildFile; fileRef = E8BE507D673E42C3AC62663E /* ThumbnailLoader.swift */; };
		B0C8CAB8A4875F0079440D60 /* AppGroupStorageTests.swift in Sources */ = {isa = PBXBuildFile; fileRef = 68FF8A6E65E6136E14C08B42 /* AppGroupStorageTests.swift */; };
		B0CFF1592C3D28FE35C328BC /* MirageDomainManager.swift in Sources */ = {isa = PBXBuildFile; fileRef = ABE78B29069C55E789E46142 /* MirageDomainManager.swift */; };
		B3CD7B74F9AACA7C1CFBFEF6 /* ProviderPagePlanner.swift in Sources */ = {isa = PBXBuildFile; fileRef = 52B49A22FF919FA50C0E4FC7 /* ProviderPagePlanner.swift */; };
		B54584C3FB00F9050E0AE790 /* ProviderCatalog.swift in Sources */ = {isa = PBXBuildFile; fileRef = 01A8C82ADCD2EA02CBF20C20 /* ProviderCatalog.swift */; };
		B6803EFB4F44CA2D681E473F /* ProviderDiscoveryTreePlanner.swift in Sources */ = {isa = PBXBuildFile; fileRef = 9287B2734BB801281DE613DC /* ProviderDiscoveryTreePlanner.swift */; };
		B6ED0822DF7334DBE5E61653 /* ProviderThumbnailBatch.swift in Sources */ = {isa = PBXBuildFile; fileRef = 220292DFDD346DB420200C41 /* ProviderThumbnailBatch.swift */; };
		C00B6AAD171DB181BBBC8360 /* SearchResult.swift in Sources */ = {isa = PBXBuildFile; fileRef = 776D9B6CEBBABF0D607449A2 /* SearchResult.swift */; };
		C061B4A747B8151391FD8E20 /* DiscoveryFeedSnapshotMutationNotifierTests.swift in Sources */ = {isa = PBXBuildFile; fileRef = 6093397CDEC0218F7B45A945 /* DiscoveryFeedSnapshotMutationNotifierTests.swift */; };
		C4B0FC0109313E28566A3B32 /* DiceBearClient.swift in Sources */ = {isa = PBXBuildFile; fileRef = 9512AF8A95FF01013CDE8EBF /* DiceBearClient.swift */; };
		669FA174B3F6BF2BCD112A64 /* AvatarCatalogClient.swift in Sources */ = {isa = PBXBuildFile; fileRef = 8B8C087E6A9A058208B23D94 /* AvatarCatalogClient.swift */; };
		A91B2C3D4E5F60718293A402 /* AvatarType.swift in Sources */ = {isa = PBXBuildFile; fileRef = A91B2C3D4E5F60718293A401 /* AvatarType.swift */; };
		A91B2C3D4E5F60718293A404 /* AvatarTypeFilterBar.swift in Sources */ = {isa = PBXBuildFile; fileRef = A91B2C3D4E5F60718293A403 /* AvatarTypeFilterBar.swift */; };
		A91B2C3D4E5F60718293A406 /* AvatarTypeFilterTests.swift in Sources */ = {isa = PBXBuildFile; fileRef = A91B2C3D4E5F60718293A405 /* AvatarTypeFilterTests.swift */; };
		B7C1A94E2D6F40A9B8E71C02 /* AvatarSnapshotReference.swift in Sources */ = {isa = PBXBuildFile; fileRef = B7C1A94E2D6F40A9B8E71C01 /* AvatarSnapshotReference.swift */; };
		B7C1A94E2D6F40A9B8E71C04 /* ThisPersonDoesNotExistClient.swift in Sources */ = {isa = PBXBuildFile; fileRef = B7C1A94E2D6F40A9B8E71C03 /* ThisPersonDoesNotExistClient.swift */; };
		E2A61F399BDA52C7ABF9624E /* GravatarClient.swift in Sources */ = {isa = PBXBuildFile; fileRef = 149E636C52AD4E461D7EA0C6 /* GravatarClient.swift */; };
		D0C74D78B7CED30B668042B9 /* RobohashClient.swift in Sources */ = {isa = PBXBuildFile; fileRef = 2906D240D1389820AF2EB118 /* RobohashClient.swift */; };
		4C492FF9A121F6F04583F936 /* AvatarProviderTests.swift in Sources */ = {isa = PBXBuildFile; fileRef = F171C0171D91A5A247257E8F /* AvatarProviderTests.swift */; };
		C4E64B0F4968CAAA1551C856 /* ProviderDiscoveryTreePlannerTests.swift in Sources */ = {isa = PBXBuildFile; fileRef = B98561077AE0D1A0D4B1C484 /* ProviderDiscoveryTreePlannerTests.swift */; };
		C7E7A302CB037338DE9CF5B3 /* PhotoSourcePreferencesStore.swift in Sources */ = {isa = PBXBuildFile; fileRef = 04D1E3A33B8070DCB2EA93A3 /* PhotoSourcePreferencesStore.swift */; };
		C7F640D8CBE3BE2B099C1D87 /* FileProviderExtension.swift in Sources */ = {isa = PBXBuildFile; fileRef = D05697FFFFF7A3B8FDFE1916 /* FileProviderExtension.swift */; };
		CCBBA0227B1E053F67CC5821 /* ProviderRepository.swift in Sources */ = {isa = PBXBuildFile; fileRef = 15F501FBD1166694CFC87CF5 /* ProviderRepository.swift */; };
		CE626F554C731E200D9E98D1 /* PhotoSourceCredentialStoreTests.swift in Sources */ = {isa = PBXBuildFile; fileRef = 08209B3D2F6AABD808F0B2A8 /* PhotoSourceCredentialStoreTests.swift */; };
		CF56E5284DA114983E00D94E /* SearchEnumeratorPaginationTests.swift in Sources */ = {isa = PBXBuildFile; fileRef = 9E7DF5AD60A0A51B3A50FE58 /* SearchEnumeratorPaginationTests.swift */; };
		CF8A61AA6CDE23FAFFBFEB4D /* MirageFileProvider.appex in Embed Foundation Extensions */ = {isa = PBXBuildFile; fileRef = 8895152C39F93182BD7E9DEF /* MirageFileProvider.appex */; settings = {ATTRIBUTES = (CodeSignOnCopy, RemoveHeadersOnCopy, ); }; };
		D2491415F9117E7509B0F280 /* PhotoSourceSettingsView.swift in Sources */ = {isa = PBXBuildFile; fileRef = 7E4E3AD2696EE63C6EF73DAB /* PhotoSourceSettingsView.swift */; };
		D3366C6F186C2652E7ACD2CC /* AggregatedPhotoSearcher.swift in Sources */ = {isa = PBXBuildFile; fileRef = FC8EF4A1F4F7B78844ECAC45 /* AggregatedPhotoSearcher.swift */; };
		D47EFB0A88F5378E3D8F92F5 /* PexelsClientTests.swift in Sources */ = {isa = PBXBuildFile; fileRef = CBA4F055A61FA0925976D9BC /* PexelsClientTests.swift */; };
		D5E9A91C70BD6D1C3E44AE73 /* PhotoSourceCredentialStore.swift in Sources */ = {isa = PBXBuildFile; fileRef = 0EDAB962A83006A1EA2D47A8 /* PhotoSourceCredentialStore.swift */; };
		D83524EE60AD3659D83DC624 /* DiscoverView.swift in Sources */ = {isa = PBXBuildFile; fileRef = CB6DB2E141B31F0A3F958665 /* DiscoverView.swift */; };
		F6A70C1D2E3F405162738498 /* PicrewDiscoveryClient.swift in Sources */ = {isa = PBXBuildFile; fileRef = F6A70C1D2E3F405162738497 /* PicrewDiscoveryClient.swift */; };
		D938999B023BCCA9B6039ACD /* ProviderSearchResultStoring.swift in Sources */ = {isa = PBXBuildFile; fileRef = E7DEB7FD9BE060465DE34F0A /* ProviderSearchResultStoring.swift */; };
		D977176AF18B068279086C57 /* OpenverseClientTests.swift in Sources */ = {isa = PBXBuildFile; fileRef = B2514621218B785F24793DCD /* OpenverseClientTests.swift */; };
		DA2FABA9159F38E393E698B0 /* PhotoSourceRequestCoordinator.swift in Sources */ = {isa = PBXBuildFile; fileRef = BC81491A3BEF0B56A74E7CF0 /* PhotoSourceRequestCoordinator.swift */; };
		E1F9CC862BCAF5F5276E974F /* PhotoSourceRequestCoordinatorTests.swift in Sources */ = {isa = PBXBuildFile; fileRef = 5093542CE7FEB78EA7F2C141 /* PhotoSourceRequestCoordinatorTests.swift */; };
		E439ADFB7420ADC3278E6650 /* PixabayClient.swift in Sources */ = {isa = PBXBuildFile; fileRef = 0827DC89AD583FFC552FFC9E /* PixabayClient.swift */; };
		E6DD43D57B5965751A166648 /* SearchModelTests.swift in Sources */ = {isa = PBXBuildFile; fileRef = DBB194ABED4EB0692CAD44C3 /* SearchModelTests.swift */; };
		E7541DB1400BD83BF1F7206A /* ProviderDiscoveryTreePlanner.swift in Sources */ = {isa = PBXBuildFile; fileRef = 9287B2734BB801281DE613DC /* ProviderDiscoveryTreePlanner.swift */; };
		E76E32A6DCC59D70A8C928C9 /* PhotoSourceSettingsModel.swift in Sources */ = {isa = PBXBuildFile; fileRef = 69BF7C96AF68F9EFE65696D1 /* PhotoSourceSettingsModel.swift */; };
		EDB3BA583A5A44126DA4A601 /* SearchModel.swift in Sources */ = {isa = PBXBuildFile; fileRef = D5C2758EFC6C1F7C3C96B2A4 /* SearchModel.swift */; };
		EE3A13990CD6E446839381D6 /* libMirageCore.a in Frameworks */ = {isa = PBXBuildFile; fileRef = 28FBD235ACD44F4965213D6E /* libMirageCore.a */; };
		EEA149E852C51464EB293E63 /* ImageTranscoderTests.swift in Sources */ = {isa = PBXBuildFile; fileRef = 239F4289745FA622404CE85B /* ImageTranscoderTests.swift */; };
		EF9C34C91E5E4A88CA41E68E /* SearchPaginationCursor.swift in Sources */ = {isa = PBXBuildFile; fileRef = 0D9A3D047E2886C97421E6EC /* SearchPaginationCursor.swift */; };
		F14EDABAF01604AC0C9D0CB5 /* MirageApp.swift in Sources */ = {isa = PBXBuildFile; fileRef = EE02568E93053F434F591C23 /* MirageApp.swift */; };
		F15712F6A60954A508100221 /* libMirageDetailWindow.a in Frameworks */ = {isa = PBXBuildFile; fileRef = 0035164C1C62AEC278295E6C /* libMirageDetailWindow.a */; };
		F166E6A23AC9D0EE0B262A3C /* AggregatedPhotoSearcherTests.swift in Sources */ = {isa = PBXBuildFile; fileRef = 52B5496B1780C4B8FCDAF312 /* AggregatedPhotoSearcherTests.swift */; };
		F32C1EFE00479572FBC681D7 /* BoundedDownloader.swift in Sources */ = {isa = PBXBuildFile; fileRef = 63BBBF7E1F1528422C503058 /* BoundedDownloader.swift */; };
		F7545C12AD9D94FD02E6F782 /* OpenversePhotoSource.swift in Sources */ = {isa = PBXBuildFile; fileRef = C4CC5C99EE46F274897367E4 /* OpenversePhotoSource.swift */; };
		FD9E9BBF0C19A37BE49C3666 /* OpenverseContentSafetyPolicy.swift in Sources */ = {isa = PBXBuildFile; fileRef = DEE2FB4C67079FDC77A4C7B2 /* OpenverseContentSafetyPolicy.swift */; };
/* End PBXBuildFile section */

/* Begin PBXContainerItemProxy section */
		545E47ABF3126927E89B83EA /* PBXContainerItemProxy */ = {
			isa = PBXContainerItemProxy;
			containerPortal = 64BB6AA7F87D7B7DEDE3C3FE /* Project object */;
			proxyType = 1;
			remoteGlobalIDString = B4444DA00E0FD2333EA8648F;
			remoteInfo = MirageCore;
		};
		633B00366FB85B295FE0EA06 /* PBXContainerItemProxy */ = {
			isa = PBXContainerItemProxy;
			containerPortal = 64BB6AA7F87D7B7DEDE3C3FE /* Project object */;
			proxyType = 1;
			remoteGlobalIDString = 01550E8870FF0AB1B92A6FF7;
			remoteInfo = MirageDetailWindow;
		};
		8F8BB69B13A13F70E2CF1370 /* PBXContainerItemProxy */ = {
			isa = PBXContainerItemProxy;
			containerPortal = 64BB6AA7F87D7B7DEDE3C3FE /* Project object */;
			proxyType = 1;
			remoteGlobalIDString = B4444DA00E0FD2333EA8648F;
			remoteInfo = MirageCore;
		};
		ACE4AF9C2C4A77314B285CCC /* PBXContainerItemProxy */ = {
			isa = PBXContainerItemProxy;
			containerPortal = 64BB6AA7F87D7B7DEDE3C3FE /* Project object */;
			proxyType = 1;
			remoteGlobalIDString = B4444DA00E0FD2333EA8648F;
			remoteInfo = MirageCore;
		};
		C4B407E16D080BFF7894D392 /* PBXContainerItemProxy */ = {
			isa = PBXContainerItemProxy;
			containerPortal = 64BB6AA7F87D7B7DEDE3C3FE /* Project object */;
			proxyType = 1;
			remoteGlobalIDString = 01550E8870FF0AB1B92A6FF7;
			remoteInfo = MirageDetailWindow;
		};
		D9280912B01F1C196C203453 /* PBXContainerItemProxy */ = {
			isa = PBXContainerItemProxy;
			containerPortal = 64BB6AA7F87D7B7DEDE3C3FE /* Project object */;
			proxyType = 1;
			remoteGlobalIDString = 3A0FF057342715E723BB0EA5;
			remoteInfo = MirageFileProvider;
		};
/* End PBXContainerItemProxy section */

/* Begin PBXCopyFilesBuildPhase section */
		AD7B2684D149D719DF1528B1 /* Embed Foundation Extensions */ = {
			isa = PBXCopyFilesBuildPhase;
			buildActionMask = 2147483647;
			dstPath = "";
			dstSubfolderSpec = 13;
			files = (
				CF8A61AA6CDE23FAFFBFEB4D /* MirageFileProvider.appex in Embed Foundation Extensions */,
			);
			name = "Embed Foundation Extensions";
			runOnlyForDeploymentPostprocessing = 0;
		};
/* End PBXCopyFilesBuildPhase section */

/* Begin PBXFileReference section */
		0035164C1C62AEC278295E6C /* libMirageDetailWindow.a */ = {isa = PBXFileReference; explicitFileType = archive.ar; includeInIndex = 0; path = libMirageDetailWindow.a; sourceTree = BUILT_PRODUCTS_DIR; };
		01A8C82ADCD2EA02CBF20C20 /* ProviderCatalog.swift */ = {isa = PBXFileReference; lastKnownFileType = sourcecode.swift; path = ProviderCatalog.swift; sourceTree = "<group>"; };
		03C6DBE24D83ADC6059FF9E6 /* ProviderPagePlannerTests.swift */ = {isa = PBXFileReference; lastKnownFileType = sourcecode.swift; path = ProviderPagePlannerTests.swift; sourceTree = "<group>"; };
		04D1E3A33B8070DCB2EA93A3 /* PhotoSourcePreferencesStore.swift */ = {isa = PBXFileReference; lastKnownFileType = sourcecode.swift; path = PhotoSourcePreferencesStore.swift; sourceTree = "<group>"; };
		0575C4280CF472D4895B68ED /* PhotoSearchEnvironment.swift */ = {isa = PBXFileReference; lastKnownFileType = sourcecode.swift; path = PhotoSearchEnvironment.swift; sourceTree = "<group>"; };
		072DD1D2AC50C3513B38948A /* DiscoveryRecommendation.swift */ = {isa = PBXFileReference; lastKnownFileType = sourcecode.swift; path = DiscoveryRecommendation.swift; sourceTree = "<group>"; };
		08209B3D2F6AABD808F0B2A8 /* PhotoSourceCredentialStoreTests.swift */ = {isa = PBXFileReference; lastKnownFileType = sourcecode.swift; path = PhotoSourceCredentialStoreTests.swift; sourceTree = "<group>"; };
		0827DC89AD583FFC552FFC9E /* PixabayClient.swift */ = {isa = PBXFileReference; lastKnownFileType = sourcecode.swift; path = PixabayClient.swift; sourceTree = "<group>"; };
		0D9A3D047E2886C97421E6EC /* SearchPaginationCursor.swift */ = {isa = PBXFileReference; lastKnownFileType = sourcecode.swift; path = SearchPaginationCursor.swift; sourceTree = "<group>"; };
		0EDAB962A83006A1EA2D47A8 /* PhotoSourceCredentialStore.swift */ = {isa = PBXFileReference; lastKnownFileType = sourcecode.swift; path = PhotoSourceCredentialStore.swift; sourceTree = "<group>"; };
		157A7276FBF8E70C249F1F16 /* PhotoSourceProviderSettingsPane.swift */ = {isa = PBXFileReference; lastKnownFileType = sourcecode.swift; path = PhotoSourceProviderSettingsPane.swift; sourceTree = "<group>"; };
		15F501FBD1166694CFC87CF5 /* ProviderRepository.swift */ = {isa = PBXFileReference; lastKnownFileType = sourcecode.swift; path = ProviderRepository.swift; sourceTree = "<group>"; };
		1C6C69679E9E199FAAA71800 /* DiceBearStyle.swift */ = {isa = PBXFileReference; lastKnownFileType = sourcecode.swift; path = DiceBearStyle.swift; sourceTree = "<group>"; };
		1F1B24601B3BA9FBB7FA9EBA /* Mirage.app */ = {isa = PBXFileReference; explicitFileType = wrapper.application; includeInIndex = 0; path = Mirage.app; sourceTree = BUILT_PRODUCTS_DIR; };
		203241881F4AE97156BBEF6A /* ProviderIdentifiers.swift */ = {isa = PBXFileReference; lastKnownFileType = sourcecode.swift; path = ProviderIdentifiers.swift; sourceTree = "<group>"; };
		20D1B9C3614AE9AFFBCC30FD /* ProviderSourcePolicyTests.swift */ = {isa = PBXFileReference; lastKnownFileType = sourcecode.swift; path = ProviderSourcePolicyTests.swift; sourceTree = "<group>"; };
		220292DFDD346DB420200C41 /* ProviderThumbnailBatch.swift */ = {isa = PBXFileReference; lastKnownFileType = sourcecode.swift; path = ProviderThumbnailBatch.swift; sourceTree = "<group>"; };
		239F4289745FA622404CE85B /* ImageTranscoderTests.swift */ = {isa = PBXFileReference; lastKnownFileType = sourcecode.swift; path = ImageTranscoderTests.swift; sourceTree = "<group>"; };
		28FBD235ACD44F4965213D6E /* libMirageCore.a */ = {isa = PBXFileReference; explicitFileType = archive.ar; includeInIndex = 0; path = libMirageCore.a; sourceTree = BUILT_PRODUCTS_DIR; };
		32302766BC451CA5F5745529 /* ImageSearchServiceTests.swift */ = {isa = PBXFileReference; lastKnownFileType = sourcecode.swift; path = ImageSearchServiceTests.swift; sourceTree = "<group>"; };
		323FC229B9D85F665E111381 /* DiscoveryFeedSnapshotMutationNotifier.swift */ = {isa = PBXFileReference; lastKnownFileType = sourcecode.swift; path = DiscoveryFeedSnapshotMutationNotifier.swift; sourceTree = "<group>"; };
		C1A4F7890E2D4C10A8B9F011 /* GiphyEmojiClient.swift */ = {isa = PBXFileReference; lastKnownFileType = sourcecode.swift; path = GiphyEmojiClient.swift; sourceTree = "<group>"; };
		C1A4F7890E2D4C10A8B9F013 /* GiphyEmojiClientTests.swift */ = {isa = PBXFileReference; lastKnownFileType = sourcecode.swift; path = GiphyEmojiClientTests.swift; sourceTree = "<group>"; };
		C1A4F7890E2D4C10A8B9F015 /* GiphyCatalogClient.swift */ = {isa = PBXFileReference; lastKnownFileType = sourcecode.swift; path = GiphyCatalogClient.swift; sourceTree = "<group>"; };
		C1A4F7890E2D4C10A8B9F017 /* GiphyCatalogClientTests.swift */ = {isa = PBXFileReference; lastKnownFileType = sourcecode.swift; path = GiphyCatalogClientTests.swift; sourceTree = "<group>"; };
		3DA67434AD189B9C83C2DAC7 /* ProviderSearchCache.swift */ = {isa = PBXFileReference; lastKnownFileType = sourcecode.swift; path = ProviderSearchCache.swift; sourceTree = "<group>"; };
		4136DEAEF791EE9942C29E33 /* DetailDrawerMetrics.swift */ = {isa = PBXFileReference; lastKnownFileType = sourcecode.swift; path = DetailDrawerMetrics.swift; sourceTree = "<group>"; };
		4317C2B9AEBF745304572E2B /* AppModel.swift */ = {isa = PBXFileReference; lastKnownFileType = sourcecode.swift; path = AppModel.swift; sourceTree = "<group>"; };
		445083B2456F60A1FB7ECA53 /* ConfiguredPhotoSearcherTests.swift */ = {isa = PBXFileReference; lastKnownFileType = sourcecode.swift; path = ConfiguredPhotoSearcherTests.swift; sourceTree = "<group>"; };
		4A7545BEEAEA3ABA16EBC75D /* ImageCard.swift */ = {isa = PBXFileReference; lastKnownFileType = sourcecode.swift; path = ImageCard.swift; sourceTree = "<group>"; };
		4B056F3E07F529D27482171E /* SearchEnumerator.swift */ = {isa = PBXFileReference; lastKnownFileType = sourcecode.swift; path = SearchEnumerator.swift; sourceTree = "<group>"; };
		4BA52EF87F1F723064DA348D /* LibraryGridView.swift */ = {isa = PBXFileReference; lastKnownFileType = sourcecode.swift; path = LibraryGridView.swift; sourceTree = "<group>"; };
		4BA9C5A9E569654259585D18 /* SearchPagePlanner.swift */ = {isa = PBXFileReference; lastKnownFileType = sourcecode.swift; path = SearchPagePlanner.swift; sourceTree = "<group>"; };
		5093542CE7FEB78EA7F2C141 /* PhotoSourceRequestCoordinatorTests.swift */ = {isa = PBXFileReference; lastKnownFileType = sourcecode.swift; path = PhotoSourceRequestCoordinatorTests.swift; sourceTree = "<group>"; };
		52B49A22FF919FA50C0E4FC7 /* ProviderPagePlanner.swift */ = {isa = PBXFileReference; lastKnownFileType = sourcecode.swift; path = ProviderPagePlanner.swift; sourceTree = "<group>"; };
		52B5496B1780C4B8FCDAF312 /* AggregatedPhotoSearcherTests.swift */ = {isa = PBXFileReference; lastKnownFileType = sourcecode.swift; path = AggregatedPhotoSearcherTests.swift; sourceTree = "<group>"; };
		530F268BF1CEC1F159A04831 /* ThumbnailLoaderTests.swift */ = {isa = PBXFileReference; lastKnownFileType = sourcecode.swift; path = ThumbnailLoaderTests.swift; sourceTree = "<group>"; };
		5664A659FF167A24F3F75DA8 /* ProviderEnumerator.swift */ = {isa = PBXFileReference; lastKnownFileType = sourcecode.swift; path = ProviderEnumerator.swift; sourceTree = "<group>"; };
		5EB798163545D3F8C9EA39E6 /* MirageSystemIntegration.swift */ = {isa = PBXFileReference; lastKnownFileType = sourcecode.swift; path = MirageSystemIntegration.swift; sourceTree = "<group>"; };
		6093397CDEC0218F7B45A945 /* DiscoveryFeedSnapshotMutationNotifierTests.swift */ = {isa = PBXFileReference; lastKnownFileType = sourcecode.swift; path = DiscoveryFeedSnapshotMutationNotifierTests.swift; sourceTree = "<group>"; };
		63BBBF7E1F1528422C503058 /* BoundedDownloader.swift */ = {isa = PBXFileReference; lastKnownFileType = sourcecode.swift; path = BoundedDownloader.swift; sourceTree = "<group>"; };
		68433E1057AAED506C0900F3 /* DetailWindowLayoutState.swift */ = {isa = PBXFileReference; lastKnownFileType = sourcecode.swift; path = DetailWindowLayoutState.swift; sourceTree = "<group>"; };
		68810992B725D344AE6457FE /* PixabayClientTests.swift */ = {isa = PBXFileReference; lastKnownFileType = sourcecode.swift; path = PixabayClientTests.swift; sourceTree = "<group>"; };
		70BC7EEBA6DAC48B5389D59C /* NASAImagesClient.swift */ = {isa = PBXFileReference; lastKnownFileType = sourcecode.swift; path = NASAImagesClient.swift; sourceTree = "<group>"; };
		68FF8A6E65E6136E14C08B42 /* AppGroupStorageTests.swift */ = {isa = PBXFileReference; lastKnownFileType = sourcecode.swift; path = AppGroupStorageTests.swift; sourceTree = "<group>"; };
		69BF7C96AF68F9EFE65696D1 /* PhotoSourceSettingsModel.swift */ = {isa = PBXFileReference; lastKnownFileType = sourcecode.swift; path = PhotoSourceSettingsModel.swift; sourceTree = "<group>"; };
		6A6D85D6030DF29BA3EE61F0 /* ProviderAsyncSupport.swift */ = {isa = PBXFileReference; lastKnownFileType = sourcecode.swift; path = ProviderAsyncSupport.swift; sourceTree = "<group>"; };
		712852E84B8494D2634B17A9 /* ImageSearchService.swift */ = {isa = PBXFileReference; lastKnownFileType = sourcecode.swift; path = ImageSearchService.swift; sourceTree = "<group>"; };
		735D715B00C6266576676EA1 /* DiscoveryFeedRepositoryTests.swift */ = {isa = PBXFileReference; lastKnownFileType = sourcecode.swift; path = DiscoveryFeedRepositoryTests.swift; sourceTree = "<group>"; };
		7468E9F22C1E176BF9AE5B75 /* MirageCoreTests.xctest */ = {isa = PBXFileReference; explicitFileType = wrapper.cfbundle; includeInIndex = 0; path = MirageCoreTests.xctest; sourceTree = BUILT_PRODUCTS_DIR; };
		776D9B6CEBBABF0D607449A2 /* SearchResult.swift */ = {isa = PBXFileReference; lastKnownFileType = sourcecode.swift; path = SearchResult.swift; sourceTree = "<group>"; };
		789CB076C501B5489F6CCB14 /* AggregatedPhotoSearcherConcurrencyTests.swift */ = {isa = PBXFileReference; lastKnownFileType = sourcecode.swift; path = AggregatedPhotoSearcherConcurrencyTests.swift; sourceTree = "<group>"; };
		7D9B5F67E7FD1D98C6DB1333 /* PhotoSourceRequestPolicy.swift */ = {isa = PBXFileReference; lastKnownFileType = sourcecode.swift; path = PhotoSourceRequestPolicy.swift; sourceTree = "<group>"; };
		7E4E3AD2696EE63C6EF73DAB /* PhotoSourceSettingsView.swift */ = {isa = PBXFileReference; lastKnownFileType = sourcecode.swift; path = PhotoSourceSettingsView.swift; sourceTree = "<group>"; };
		84F184830CB335FCE833ACA2 /* DiscoveryFeedRepository.swift */ = {isa = PBXFileReference; lastKnownFileType = sourcecode.swift; path = DiscoveryFeedRepository.swift; sourceTree = "<group>"; };
		86D01A404320AA471FC8774F /* Assets.xcassets */ = {isa = PBXFileReference; lastKnownFileType = folder.assetcatalog; path = Assets.xcassets; sourceTree = "<group>"; };
		8895152C39F93182BD7E9DEF /* MirageFileProvider.appex */ = {isa = PBXFileReference; explicitFileType = "wrapper.app-extension"; includeInIndex = 0; path = MirageFileProvider.appex; sourceTree = BUILT_PRODUCTS_DIR; };
		89EF2418290A4416BD485F54 /* PhotoSourceBatchStore.swift */ = {isa = PBXFileReference; lastKnownFileType = sourcecode.swift; path = PhotoSourceBatchStore.swift; sourceTree = "<group>"; };
		8F96F7C1B62EDB9FEDC217CB /* SidebarView.swift */ = {isa = PBXFileReference; lastKnownFileType = sourcecode.swift; path = SidebarView.swift; sourceTree = "<group>"; };
		91490DF02E6BF161DA088775 /* OpenverseClient.swift */ = {isa = PBXFileReference; lastKnownFileType = sourcecode.swift; path = OpenverseClient.swift; sourceTree = "<group>"; };
		9EB0E75EC0D2AAA16265EDF9 /* MetMuseumClientTests.swift */ = {isa = PBXFileReference; lastKnownFileType = sourcecode.swift; path = MetMuseumClientTests.swift; sourceTree = "<group>"; };
		9287B2734BB801281DE613DC /* ProviderDiscoveryTreePlanner.swift */ = {isa = PBXFileReference; lastKnownFileType = sourcecode.swift; path = ProviderDiscoveryTreePlanner.swift; sourceTree = "<group>"; };
		92D53877C9941928E111849A /* ProviderRepositoryPageSnapshotTests.swift */ = {isa = PBXFileReference; lastKnownFileType = sourcecode.swift; path = ProviderRepositoryPageSnapshotTests.swift; sourceTree = "<group>"; };
		948E8761E82C9C91131B7E14 /* ContentView.swift */ = {isa = PBXFileReference; lastKnownFileType = sourcecode.swift; path = ContentView.swift; sourceTree = "<group>"; };
		9512AF8A95FF01013CDE8EBF /* DiceBearClient.swift */ = {isa = PBXFileReference; lastKnownFileType = sourcecode.swift; path = DiceBearClient.swift; sourceTree = "<group>"; };
		8B8C087E6A9A058208B23D94 /* AvatarCatalogClient.swift */ = {isa = PBXFileReference; lastKnownFileType = sourcecode.swift; path = AvatarCatalogClient.swift; sourceTree = "<group>"; };
		A91B2C3D4E5F60718293A401 /* AvatarType.swift */ = {isa = PBXFileReference; lastKnownFileType = sourcecode.swift; path = AvatarType.swift; sourceTree = "<group>"; };
		A91B2C3D4E5F60718293A403 /* AvatarTypeFilterBar.swift */ = {isa = PBXFileReference; lastKnownFileType = sourcecode.swift; path = AvatarTypeFilterBar.swift; sourceTree = "<group>"; };
		A91B2C3D4E5F60718293A405 /* AvatarTypeFilterTests.swift */ = {isa = PBXFileReference; lastKnownFileType = sourcecode.swift; path = AvatarTypeFilterTests.swift; sourceTree = "<group>"; };
		B7C1A94E2D6F40A9B8E71C01 /* AvatarSnapshotReference.swift */ = {isa = PBXFileReference; lastKnownFileType = sourcecode.swift; path = AvatarSnapshotReference.swift; sourceTree = "<group>"; };
		B7C1A94E2D6F40A9B8E71C03 /* ThisPersonDoesNotExistClient.swift */ = {isa = PBXFileReference; lastKnownFileType = sourcecode.swift; path = ThisPersonDoesNotExistClient.swift; sourceTree = "<group>"; };
		149E636C52AD4E461D7EA0C6 /* GravatarClient.swift */ = {isa = PBXFileReference; lastKnownFileType = sourcecode.swift; path = GravatarClient.swift; sourceTree = "<group>"; };
		2906D240D1389820AF2EB118 /* RobohashClient.swift */ = {isa = PBXFileReference; lastKnownFileType = sourcecode.swift; path = RobohashClient.swift; sourceTree = "<group>"; };
		F171C0171D91A5A247257E8F /* AvatarProviderTests.swift */ = {isa = PBXFileReference; lastKnownFileType = sourcecode.swift; path = AvatarProviderTests.swift; sourceTree = "<group>"; };
		979B26B423257DA953786A69 /* DetailWindowLayoutStateTests.swift */ = {isa = PBXFileReference; lastKnownFileType = sourcecode.swift; path = DetailWindowLayoutStateTests.swift; sourceTree = "<group>"; };
		9E7DF5AD60A0A51B3A50FE58 /* SearchEnumeratorPaginationTests.swift */ = {isa = PBXFileReference; lastKnownFileType = sourcecode.swift; path = SearchEnumeratorPaginationTests.swift; sourceTree = "<group>"; };
		A5032B6A2667C9906D3A2948 /* ProviderItem.swift */ = {isa = PBXFileReference; lastKnownFileType = sourcecode.swift; path = ProviderItem.swift; sourceTree = "<group>"; };
		A96510E9F960BAD5C8FAA3CF /* DetailWindowReader.swift */ = {isa = PBXFileReference; lastKnownFileType = sourcecode.swift; path = DetailWindowReader.swift; sourceTree = "<group>"; };
		ABE78B29069C55E789E46142 /* MirageDomainManager.swift */ = {isa = PBXFileReference; lastKnownFileType = sourcecode.swift; path = MirageDomainManager.swift; sourceTree = "<group>"; };
		AE6043B99B3B749FF04D061F /* QueryAndIdentifierTests.swift */ = {isa = PBXFileReference; lastKnownFileType = sourcecode.swift; path = QueryAndIdentifierTests.swift; sourceTree = "<group>"; };
		AFE6B7C51B4C50CAEAFCD2D7 /* ImageDetailPopover.swift */ = {isa = PBXFileReference; lastKnownFileType = sourcecode.swift; path = ImageDetailPopover.swift; sourceTree = "<group>"; };
		B2514621218B785F24793DCD /* OpenverseClientTests.swift */ = {isa = PBXFileReference; lastKnownFileType = sourcecode.swift; path = OpenverseClientTests.swift; sourceTree = "<group>"; };
		B2805C4213960EEFC0C8B863 /* PhotoSourcePreferencesStoreTests.swift */ = {isa = PBXFileReference; lastKnownFileType = sourcecode.swift; path = PhotoSourcePreferencesStoreTests.swift; sourceTree = "<group>"; };
		B53EB5D0B8258A96BABF1468 /* ProviderThumbnailBatchTests.swift */ = {isa = PBXFileReference; lastKnownFileType = sourcecode.swift; path = ProviderThumbnailBatchTests.swift; sourceTree = "<group>"; };
		B5F727B0CD46FC3DC2E73C4F /* SearchQueryParser.swift */ = {isa = PBXFileReference; lastKnownFileType = sourcecode.swift; path = SearchQueryParser.swift; sourceTree = "<group>"; };
		B98561077AE0D1A0D4B1C484 /* ProviderDiscoveryTreePlannerTests.swift */ = {isa = PBXFileReference; lastKnownFileType = sourcecode.swift; path = ProviderDiscoveryTreePlannerTests.swift; sourceTree = "<group>"; };
		BC81491A3BEF0B56A74E7CF0 /* PhotoSourceRequestCoordinator.swift */ = {isa = PBXFileReference; lastKnownFileType = sourcecode.swift; path = PhotoSourceRequestCoordinator.swift; sourceTree = "<group>"; };
		BDD59051C53C7E99FE6187AD /* PhotoSource.swift */ = {isa = PBXFileReference; lastKnownFileType = sourcecode.swift; path = PhotoSource.swift; sourceTree = "<group>"; };
		C4CC5C99EE46F274897367E4 /* OpenversePhotoSource.swift */ = {isa = PBXFileReference; lastKnownFileType = sourcecode.swift; path = OpenversePhotoSource.swift; sourceTree = "<group>"; };
		CB6DB2E141B31F0A3F958665 /* DiscoverView.swift */ = {isa = PBXFileReference; lastKnownFileType = sourcecode.swift; path = DiscoverView.swift; sourceTree = "<group>"; };
		F6A70C1D2E3F405162738497 /* PicrewDiscoveryClient.swift */ = {isa = PBXFileReference; lastKnownFileType = sourcecode.swift; path = PicrewDiscoveryClient.swift; sourceTree = "<group>"; };
		CBA4F055A61FA0925976D9BC /* PexelsClientTests.swift */ = {isa = PBXFileReference; lastKnownFileType = sourcecode.swift; path = PexelsClientTests.swift; sourceTree = "<group>"; };
		D05697FFFFF7A3B8FDFE1916 /* FileProviderExtension.swift */ = {isa = PBXFileReference; lastKnownFileType = sourcecode.swift; path = FileProviderExtension.swift; sourceTree = "<group>"; };
		D211C0CE00B4780D047748CD /* NASAImagesClientTests.swift */ = {isa = PBXFileReference; lastKnownFileType = sourcecode.swift; path = NASAImagesClientTests.swift; sourceTree = "<group>"; };
		D3669203491BD3021AB3F633 /* RemoteImageRecord.swift */ = {isa = PBXFileReference; lastKnownFileType = sourcecode.swift; path = RemoteImageRecord.swift; sourceTree = "<group>"; };
		D5C2758EFC6C1F7C3C96B2A4 /* SearchModel.swift */ = {isa = PBXFileReference; lastKnownFileType = sourcecode.swift; path = SearchModel.swift; sourceTree = "<group>"; };
		D781E15D20DBD8EDB4252BF9 /* PhotoSourceSettingsModelTests.swift */ = {isa = PBXFileReference; lastKnownFileType = sourcecode.swift; path = PhotoSourceSettingsModelTests.swift; sourceTree = "<group>"; };
		D983E444CBDF7B9CBBD5BB22 /* ImageTranscoder.swift */ = {isa = PBXFileReference; lastKnownFileType = sourcecode.swift; path = ImageTranscoder.swift; sourceTree = "<group>"; };
		DBB194ABED4EB0692CAD44C3 /* SearchModelTests.swift */ = {isa = PBXFileReference; lastKnownFileType = sourcecode.swift; path = SearchModelTests.swift; sourceTree = "<group>"; };
		DEE2FB4C67079FDC77A4C7B2 /* OpenverseContentSafetyPolicy.swift */ = {isa = PBXFileReference; lastKnownFileType = sourcecode.swift; path = OpenverseContentSafetyPolicy.swift; sourceTree = "<group>"; };
		E7DEB7FD9BE060465DE34F0A /* ProviderSearchResultStoring.swift */ = {isa = PBXFileReference; lastKnownFileType = sourcecode.swift; path = ProviderSearchResultStoring.swift; sourceTree = "<group>"; };
		E8BE507D673E42C3AC62663E /* ThumbnailLoader.swift */ = {isa = PBXFileReference; lastKnownFileType = sourcecode.swift; path = ThumbnailLoader.swift; sourceTree = "<group>"; };
		EC8B250AC61C45E5B8256F11 /* AppGroupStorage.swift */ = {isa = PBXFileReference; lastKnownFileType = sourcecode.swift; path = AppGroupStorage.swift; sourceTree = "<group>"; };
		EEA8A56C0943AA2FC9ADE20A /* MetMuseumClient.swift */ = {isa = PBXFileReference; lastKnownFileType = sourcecode.swift; path = MetMuseumClient.swift; sourceTree = "<group>"; };
		EE02568E93053F434F591C23 /* MirageApp.swift */ = {isa = PBXFileReference; lastKnownFileType = sourcecode.swift; path = MirageApp.swift; sourceTree = "<group>"; };
		EFA5DCCF48C197C22F343AC0 /* FileProviderExtension+Content.swift */ = {isa = PBXFileReference; lastKnownFileType = sourcecode.swift; path = "FileProviderExtension+Content.swift"; sourceTree = "<group>"; };
		EFFD2752E8DDA600E505E5BE /* DetailWindowCoordinator.swift */ = {isa = PBXFileReference; lastKnownFileType = sourcecode.swift; path = DetailWindowCoordinator.swift; sourceTree = "<group>"; };
		FBEDD3329E0564D7ADAC087D /* PexelsClient.swift */ = {isa = PBXFileReference; lastKnownFileType = sourcecode.swift; path = PexelsClient.swift; sourceTree = "<group>"; };
		FC8EF4A1F4F7B78844ECAC45 /* AggregatedPhotoSearcher.swift */ = {isa = PBXFileReference; lastKnownFileType = sourcecode.swift; path = AggregatedPhotoSearcher.swift; sourceTree = "<group>"; };
		FE5E2B42AD514018FDA6A230 /* AppViewState.swift */ = {isa = PBXFileReference; lastKnownFileType = sourcecode.swift; path = AppViewState.swift; sourceTree = "<group>"; };
/* End PBXFileReference section */

/* Begin PBXFrameworksBuildPhase section */
		2158FB08F6CA749CD94B7C41 /* Frameworks */ = {
			isa = PBXFrameworksBuildPhase;
			buildActionMask = 2147483647;
			files = (
				EE3A13990CD6E446839381D6 /* libMirageCore.a in Frameworks */,
			);
			runOnlyForDeploymentPostprocessing = 0;
		};
		D685DA08310A8C12F6E29BB0 /* Frameworks */ = {
			isa = PBXFrameworksBuildPhase;
			buildActionMask = 2147483647;
			files = (
				2B9BEFA1D8DDD6DC4447A8AB /* libMirageCore.a in Frameworks */,
				F15712F6A60954A508100221 /* libMirageDetailWindow.a in Frameworks */,
			);
			runOnlyForDeploymentPostprocessing = 0;
		};
		F8A744096229BB2D637F92C9 /* Frameworks */ = {
			isa = PBXFrameworksBuildPhase;
			buildActionMask = 2147483647;
			files = (
				265F7B297127DC301663C68E /* libMirageCore.a in Frameworks */,
				5C6CE33E23B72755DC027564 /* libMirageDetailWindow.a in Frameworks */,
			);
			runOnlyForDeploymentPostprocessing = 0;
		};
/* End PBXFrameworksBuildPhase section */

/* Begin PBXGroup section */
		0554EEE4443352378E1D0611 /* MirageCoreTests */ = {
			isa = PBXGroup;
			children = (
				789CB076C501B5489F6CCB14 /* AggregatedPhotoSearcherConcurrencyTests.swift */,
				52B5496B1780C4B8FCDAF312 /* AggregatedPhotoSearcherTests.swift */,
				68FF8A6E65E6136E14C08B42 /* AppGroupStorageTests.swift */,
				F171C0171D91A5A247257E8F /* AvatarProviderTests.swift */,
				A91B2C3D4E5F60718293A405 /* AvatarTypeFilterTests.swift */,
				445083B2456F60A1FB7ECA53 /* ConfiguredPhotoSearcherTests.swift */,
				979B26B423257DA953786A69 /* DetailWindowLayoutStateTests.swift */,
				735D715B00C6266576676EA1 /* DiscoveryFeedRepositoryTests.swift */,
				6093397CDEC0218F7B45A945 /* DiscoveryFeedSnapshotMutationNotifierTests.swift */,
				C1A4F7890E2D4C10A8B9F017 /* GiphyCatalogClientTests.swift */,
				C1A4F7890E2D4C10A8B9F013 /* GiphyEmojiClientTests.swift */,
				32302766BC451CA5F5745529 /* ImageSearchServiceTests.swift */,
				239F4289745FA622404CE85B /* ImageTranscoderTests.swift */,
				9EB0E75EC0D2AAA16265EDF9 /* MetMuseumClientTests.swift */,
				D211C0CE00B4780D047748CD /* NASAImagesClientTests.swift */,
				B2514621218B785F24793DCD /* OpenverseClientTests.swift */,
				CBA4F055A61FA0925976D9BC /* PexelsClientTests.swift */,
				08209B3D2F6AABD808F0B2A8 /* PhotoSourceCredentialStoreTests.swift */,
				B2805C4213960EEFC0C8B863 /* PhotoSourcePreferencesStoreTests.swift */,
				5093542CE7FEB78EA7F2C141 /* PhotoSourceRequestCoordinatorTests.swift */,
				D781E15D20DBD8EDB4252BF9 /* PhotoSourceSettingsModelTests.swift */,
				68810992B725D344AE6457FE /* PixabayClientTests.swift */,
				B98561077AE0D1A0D4B1C484 /* ProviderDiscoveryTreePlannerTests.swift */,
				03C6DBE24D83ADC6059FF9E6 /* ProviderPagePlannerTests.swift */,
				92D53877C9941928E111849A /* ProviderRepositoryPageSnapshotTests.swift */,
				20D1B9C3614AE9AFFBCC30FD /* ProviderSourcePolicyTests.swift */,
				B53EB5D0B8258A96BABF1468 /* ProviderThumbnailBatchTests.swift */,
				AE6043B99B3B749FF04D061F /* QueryAndIdentifierTests.swift */,
				9E7DF5AD60A0A51B3A50FE58 /* SearchEnumeratorPaginationTests.swift */,
				DBB194ABED4EB0692CAD44C3 /* SearchModelTests.swift */,
				530F268BF1CEC1F159A04831 /* ThumbnailLoaderTests.swift */,
			);
			path = MirageCoreTests;
			sourceTree = "<group>";
		};
		21A32C13E0AFDDCC6D54B568 /* MirageApp */ = {
			isa = PBXGroup;
			children = (
				4317C2B9AEBF745304572E2B /* AppModel.swift */,
				FE5E2B42AD514018FDA6A230 /* AppViewState.swift */,
				A91B2C3D4E5F60718293A403 /* AvatarTypeFilterBar.swift */,
				86D01A404320AA471FC8774F /* Assets.xcassets */,
				948E8761E82C9C91131B7E14 /* ContentView.swift */,
				CB6DB2E141B31F0A3F958665 /* DiscoverView.swift */,
				4A7545BEEAEA3ABA16EBC75D /* ImageCard.swift */,
				AFE6B7C51B4C50CAEAFCD2D7 /* ImageDetailPopover.swift */,
				4BA52EF87F1F723064DA348D /* LibraryGridView.swift */,
				EE02568E93053F434F591C23 /* MirageApp.swift */,
				ABE78B29069C55E789E46142 /* MirageDomainManager.swift */,
				157A7276FBF8E70C249F1F16 /* PhotoSourceProviderSettingsPane.swift */,
				69BF7C96AF68F9EFE65696D1 /* PhotoSourceSettingsModel.swift */,
				7E4E3AD2696EE63C6EF73DAB /* PhotoSourceSettingsView.swift */,
				D5C2758EFC6C1F7C3C96B2A4 /* SearchModel.swift */,
				8F96F7C1B62EDB9FEDC217CB /* SidebarView.swift */,
				E8BE507D673E42C3AC62663E /* ThumbnailLoader.swift */,
			);
			path = MirageApp;
			sourceTree = "<group>";
		};
		24387585CA16DC177598C777 /* MirageCore */ = {
			isa = PBXGroup;
			children = (
				FC8EF4A1F4F7B78844ECAC45 /* AggregatedPhotoSearcher.swift */,
				EC8B250AC61C45E5B8256F11 /* AppGroupStorage.swift */,
				8B8C087E6A9A058208B23D94 /* AvatarCatalogClient.swift */,
				B7C1A94E2D6F40A9B8E71C01 /* AvatarSnapshotReference.swift */,
				A91B2C3D4E5F60718293A401 /* AvatarType.swift */,
				63BBBF7E1F1528422C503058 /* BoundedDownloader.swift */,
				9512AF8A95FF01013CDE8EBF /* DiceBearClient.swift */,
				1C6C69679E9E199FAAA71800 /* DiceBearStyle.swift */,
				84F184830CB335FCE833ACA2 /* DiscoveryFeedRepository.swift */,
				323FC229B9D85F665E111381 /* DiscoveryFeedSnapshotMutationNotifier.swift */,
				072DD1D2AC50C3513B38948A /* DiscoveryRecommendation.swift */,
				F6A70C1D2E3F405162738497 /* PicrewDiscoveryClient.swift */,
				C1A4F7890E2D4C10A8B9F015 /* GiphyCatalogClient.swift */,
				C1A4F7890E2D4C10A8B9F011 /* GiphyEmojiClient.swift */,
				149E636C52AD4E461D7EA0C6 /* GravatarClient.swift */,
				712852E84B8494D2634B17A9 /* ImageSearchService.swift */,
				D983E444CBDF7B9CBBD5BB22 /* ImageTranscoder.swift */,
				5EB798163545D3F8C9EA39E6 /* MirageSystemIntegration.swift */,
				EEA8A56C0943AA2FC9ADE20A /* MetMuseumClient.swift */,
				70BC7EEBA6DAC48B5389D59C /* NASAImagesClient.swift */,
				91490DF02E6BF161DA088775 /* OpenverseClient.swift */,
				DEE2FB4C67079FDC77A4C7B2 /* OpenverseContentSafetyPolicy.swift */,
				C4CC5C99EE46F274897367E4 /* OpenversePhotoSource.swift */,
				FBEDD3329E0564D7ADAC087D /* PexelsClient.swift */,
				0575C4280CF472D4895B68ED /* PhotoSearchEnvironment.swift */,
				BDD59051C53C7E99FE6187AD /* PhotoSource.swift */,
				89EF2418290A4416BD485F54 /* PhotoSourceBatchStore.swift */,
				0EDAB962A83006A1EA2D47A8 /* PhotoSourceCredentialStore.swift */,
				04D1E3A33B8070DCB2EA93A3 /* PhotoSourcePreferencesStore.swift */,
				BC81491A3BEF0B56A74E7CF0 /* PhotoSourceRequestCoordinator.swift */,
				7D9B5F67E7FD1D98C6DB1333 /* PhotoSourceRequestPolicy.swift */,
				0827DC89AD583FFC552FFC9E /* PixabayClient.swift */,
				D3669203491BD3021AB3F633 /* RemoteImageRecord.swift */,
				2906D240D1389820AF2EB118 /* RobohashClient.swift */,
				0D9A3D047E2886C97421E6EC /* SearchPaginationCursor.swift */,
				B5F727B0CD46FC3DC2E73C4F /* SearchQueryParser.swift */,
				B7C1A94E2D6F40A9B8E71C03 /* ThisPersonDoesNotExistClient.swift */,
			);
			path = MirageCore;
			sourceTree = "<group>";
		};
		3E514C3C34FE85763C0BDEC4 /* Products */ = {
			isa = PBXGroup;
			children = (
				28FBD235ACD44F4965213D6E /* libMirageCore.a */,
				0035164C1C62AEC278295E6C /* libMirageDetailWindow.a */,
				1F1B24601B3BA9FBB7FA9EBA /* Mirage.app */,
				7468E9F22C1E176BF9AE5B75 /* MirageCoreTests.xctest */,
				8895152C39F93182BD7E9DEF /* MirageFileProvider.appex */,
			);
			name = Products;
			sourceTree = "<group>";
		};
		6580B39032C8F305B226686B /* MirageFileProvider */ = {
			isa = PBXGroup;
			children = (
				D05697FFFFF7A3B8FDFE1916 /* FileProviderExtension.swift */,
				EFA5DCCF48C197C22F343AC0 /* FileProviderExtension+Content.swift */,
				6A6D85D6030DF29BA3EE61F0 /* ProviderAsyncSupport.swift */,
				01A8C82ADCD2EA02CBF20C20 /* ProviderCatalog.swift */,
				9287B2734BB801281DE613DC /* ProviderDiscoveryTreePlanner.swift */,
				5664A659FF167A24F3F75DA8 /* ProviderEnumerator.swift */,
				203241881F4AE97156BBEF6A /* ProviderIdentifiers.swift */,
				A5032B6A2667C9906D3A2948 /* ProviderItem.swift */,
				52B49A22FF919FA50C0E4FC7 /* ProviderPagePlanner.swift */,
				15F501FBD1166694CFC87CF5 /* ProviderRepository.swift */,
				3DA67434AD189B9C83C2DAC7 /* ProviderSearchCache.swift */,
				E7DEB7FD9BE060465DE34F0A /* ProviderSearchResultStoring.swift */,
				220292DFDD346DB420200C41 /* ProviderThumbnailBatch.swift */,
				4B056F3E07F529D27482171E /* SearchEnumerator.swift */,
				4BA9C5A9E569654259585D18 /* SearchPagePlanner.swift */,
				776D9B6CEBBABF0D607449A2 /* SearchResult.swift */,
			);
			path = MirageFileProvider;
			sourceTree = "<group>";
		};
		9953371D0E13A7082B03CDCA /* MirageDetailWindow */ = {
			isa = PBXGroup;
			children = (
				4136DEAEF791EE9942C29E33 /* DetailDrawerMetrics.swift */,
				EFFD2752E8DDA600E505E5BE /* DetailWindowCoordinator.swift */,
				68433E1057AAED506C0900F3 /* DetailWindowLayoutState.swift */,
				A96510E9F960BAD5C8FAA3CF /* DetailWindowReader.swift */,
			);
			path = MirageDetailWindow;
			sourceTree = "<group>";
		};
		B9F48D57148EF83D82970E3B /* Sources */ = {
			isa = PBXGroup;
			children = (
				21A32C13E0AFDDCC6D54B568 /* MirageApp */,
				24387585CA16DC177598C777 /* MirageCore */,
				9953371D0E13A7082B03CDCA /* MirageDetailWindow */,
				6580B39032C8F305B226686B /* MirageFileProvider */,
			);
			path = Sources;
			sourceTree = "<group>";
		};
		CA1F54A8C4CAA0117425397F = {
			isa = PBXGroup;
			children = (
				B9F48D57148EF83D82970E3B /* Sources */,
				E5218CA4379F3F56FE9067DC /* Tests */,
				3E514C3C34FE85763C0BDEC4 /* Products */,
			);
			sourceTree = "<group>";
		};
		E5218CA4379F3F56FE9067DC /* Tests */ = {
			isa = PBXGroup;
			children = (
				0554EEE4443352378E1D0611 /* MirageCoreTests */,
			);
			path = Tests;
			sourceTree = "<group>";
		};
/* End PBXGroup section */

/* Begin PBXNativeTarget section */
		01550E8870FF0AB1B92A6FF7 /* MirageDetailWindow */ = {
			isa = PBXNativeTarget;
			buildConfigurationList = 8571AC9D3FD996C1557E5300 /* Build configuration list for PBXNativeTarget "MirageDetailWindow" */;
			buildPhases = (
				7BB094D7F0BA0849208C1AD9 /* Sources */,
				2179B412D27205C29DDE91C0 /* Copy Swift Objective-C Interface Header */,
			);
			buildRules = (
			);
			dependencies = (
			);
			name = MirageDetailWindow;
			packageProductDependencies = (
			);
			productName = MirageDetailWindow;
			productReference = 0035164C1C62AEC278295E6C /* libMirageDetailWindow.a */;
			productType = "com.apple.product-type.library.static";
		};
		3A0FF057342715E723BB0EA5 /* MirageFileProvider */ = {
			isa = PBXNativeTarget;
			buildConfigurationList = 94710EF524EEB07D9F2E411D /* Build configuration list for PBXNativeTarget "MirageFileProvider" */;
			buildPhases = (
				D7404C60CFE5C47B894C53A7 /* Sources */,
				2158FB08F6CA749CD94B7C41 /* Frameworks */,
			);
			buildRules = (
			);
			dependencies = (
				A9416535DFD6FAD1724F488F /* PBXTargetDependency */,
			);
			name = MirageFileProvider;
			packageProductDependencies = (
			);
			productName = MirageFileProvider;
			productReference = 8895152C39F93182BD7E9DEF /* MirageFileProvider.appex */;
			productType = "com.apple.product-type.app-extension";
		};
		8FCB00055803C7EBC98F9606 /* MirageCoreTests */ = {
			isa = PBXNativeTarget;
			buildConfigurationList = E8177F80C601459F456C764D /* Build configuration list for PBXNativeTarget "MirageCoreTests" */;
			buildPhases = (
				A572ED7D380F8074D57FA6A2 /* Sources */,
				F8A744096229BB2D637F92C9 /* Frameworks */,
			);
			buildRules = (
			);
			dependencies = (
				D74567365CE73CCBC8565CB6 /* PBXTargetDependency */,
				53D7E6066C21E1449F7AD07B /* PBXTargetDependency */,
			);
			name = MirageCoreTests;
			packageProductDependencies = (
			);
			productName = MirageCoreTests;
			productReference = 7468E9F22C1E176BF9AE5B75 /* MirageCoreTests.xctest */;
			productType = "com.apple.product-type.bundle.unit-test";
		};
		B4444DA00E0FD2333EA8648F /* MirageCore */ = {
			isa = PBXNativeTarget;
			buildConfigurationList = 9716C5CAA8A2BB3972AB278E /* Build configuration list for PBXNativeTarget "MirageCore" */;
			buildPhases = (
				6B683B250A492C8543A338FE /* Sources */,
				C28D98A989EE9037CD40CB1D /* Copy Swift Objective-C Interface Header */,
			);
			buildRules = (
			);
			dependencies = (
			);
			name = MirageCore;
			packageProductDependencies = (
			);
			productName = MirageCore;
			productReference = 28FBD235ACD44F4965213D6E /* libMirageCore.a */;
			productType = "com.apple.product-type.library.static";
		};
		B48E88F0AED84BCCAF04F865 /* Mirage */ = {
			isa = PBXNativeTarget;
			buildConfigurationList = FE72F8760A20C3845CB01CE3 /* Build configuration list for PBXNativeTarget "Mirage" */;
			buildPhases = (
				454DA222E1FEEBC5F51C41C4 /* Sources */,
				B357F57091F2F21E65636BD7 /* Resources */,
				D685DA08310A8C12F6E29BB0 /* Frameworks */,
				AD7B2684D149D719DF1528B1 /* Embed Foundation Extensions */,
			);
			buildRules = (
			);
			dependencies = (
				AEFF4EADE775976710FECC38 /* PBXTargetDependency */,
				6C876FF86478501235716BBB /* PBXTargetDependency */,
				E6C9ECA1D054666CC0A82A8E /* PBXTargetDependency */,
			);
			name = Mirage;
			packageProductDependencies = (
			);
			productName = Mirage;
			productReference = 1F1B24601B3BA9FBB7FA9EBA /* Mirage.app */;
			productType = "com.apple.product-type.application";
		};
/* End PBXNativeTarget section */

/* Begin PBXProject section */
		64BB6AA7F87D7B7DEDE3C3FE /* Project object */ = {
			isa = PBXProject;
			attributes = {
				BuildIndependentTargetsInParallel = YES;
				LastUpgradeCheck = 2600;
				TargetAttributes = {
					01550E8870FF0AB1B92A6FF7 = {
						DevelopmentTeam = N4TQ2P9B46;
						ProvisioningStyle = Automatic;
					};
					3A0FF057342715E723BB0EA5 = {
						DevelopmentTeam = N4TQ2P9B46;
						ProvisioningStyle = Automatic;
					};
					8FCB00055803C7EBC98F9606 = {
						DevelopmentTeam = N4TQ2P9B46;
						ProvisioningStyle = Automatic;
					};
					B4444DA00E0FD2333EA8648F = {
						DevelopmentTeam = N4TQ2P9B46;
						ProvisioningStyle = Automatic;
					};
					B48E88F0AED84BCCAF04F865 = {
						DevelopmentTeam = N4TQ2P9B46;
						ProvisioningStyle = Automatic;
					};
				};
			};
			buildConfigurationList = FA753B8BD8333853E63810A1 /* Build configuration list for PBXProject "Mirage" */;
			developmentRegion = "zh-Hans";
			hasScannedForEncodings = 0;
			knownRegions = (
				Base,
				"zh-Hans",
			);
			mainGroup = CA1F54A8C4CAA0117425397F;
			minimizedProjectReferenceProxies = 1;
			preferredProjectObjectVersion = 77;
			productRefGroup = 3E514C3C34FE85763C0BDEC4 /* Products */;
			projectDirPath = "";
			projectRoot = "";
			targets = (
				B48E88F0AED84BCCAF04F865 /* Mirage */,
				B4444DA00E0FD2333EA8648F /* MirageCore */,
				8FCB00055803C7EBC98F9606 /* MirageCoreTests */,
				01550E8870FF0AB1B92A6FF7 /* MirageDetailWindow */,
				3A0FF057342715E723BB0EA5 /* MirageFileProvider */,
			);
		};
/* End PBXProject section */

/* Begin PBXResourcesBuildPhase section */
		B357F57091F2F21E65636BD7 /* Resources */ = {
			isa = PBXResourcesBuildPhase;
			buildActionMask = 2147483647;
			files = (
				4DC1042CB44FE1C0264AB243 /* Assets.xcassets in Resources */,
			);
			runOnlyForDeploymentPostprocessing = 0;
		};
/* End PBXResourcesBuildPhase section */

/* Begin PBXShellScriptBuildPhase section */
		2179B412D27205C29DDE91C0 /* Copy Swift Objective-C Interface Header */ = {
			isa = PBXShellScriptBuildPhase;
			buildActionMask = 2147483647;
			files = (
			);
			inputPaths = (
				"$(DERIVED_SOURCES_DIR)/$(SWIFT_OBJC_INTERFACE_HEADER_NAME)",
			);
			name = "Copy Swift Objective-C Interface Header";
			outputPaths = (
				"$(BUILT_PRODUCTS_DIR)/include/$(PRODUCT_MODULE_NAME)/$(SWIFT_OBJC_INTERFACE_HEADER_NAME)",
			);
			runOnlyForDeploymentPostprocessing = 0;
			shellPath = /bin/sh;
			shellScript = "ditto \"${SCRIPT_INPUT_FILE_0}\" \"${SCRIPT_OUTPUT_FILE_0}\"\n";
		};
		C28D98A989EE9037CD40CB1D /* Copy Swift Objective-C Interface Header */ = {
			isa = PBXShellScriptBuildPhase;
			buildActionMask = 2147483647;
			files = (
			);
			inputPaths = (
				"$(DERIVED_SOURCES_DIR)/$(SWIFT_OBJC_INTERFACE_HEADER_NAME)",
			);
			name = "Copy Swift Objective-C Interface Header";
			outputPaths = (
				"$(BUILT_PRODUCTS_DIR)/include/$(PRODUCT_MODULE_NAME)/$(SWIFT_OBJC_INTERFACE_HEADER_NAME)",
			);
			runOnlyForDeploymentPostprocessing = 0;
			shellPath = /bin/sh;
			shellScript = "ditto \"${SCRIPT_INPUT_FILE_0}\" \"${SCRIPT_OUTPUT_FILE_0}\"\n";
		};
/* End PBXShellScriptBuildPhase section */

/* Begin PBXSourcesBuildPhase section */
		454DA222E1FEEBC5F51C41C4 /* Sources */ = {
			isa = PBXSourcesBuildPhase;
			buildActionMask = 2147483647;
			files = (
				9B2B3683BDD6F188F4FF94B4 /* AppModel.swift in Sources */,
				705CBFFD8A543C52F747FA19 /* AppViewState.swift in Sources */,
				A91B2C3D4E5F60718293A404 /* AvatarTypeFilterBar.swift in Sources */,
				A8FDD253FD3F538032A1CCC5 /* ContentView.swift in Sources */,
				D83524EE60AD3659D83DC624 /* DiscoverView.swift in Sources */,
				2F6383FA1E9E430CFC0EC0AB /* ImageCard.swift in Sources */,
				2F7EEFF8EED40EE2DA3589D5 /* ImageDetailPopover.swift in Sources */,
				95C654E1F2BC055482310595 /* LibraryGridView.swift in Sources */,
				F14EDABAF01604AC0C9D0CB5 /* MirageApp.swift in Sources */,
				B0CFF1592C3D28FE35C328BC /* MirageDomainManager.swift in Sources */,
				A4D101E7B0EACE499A2DAB29 /* PhotoSourceProviderSettingsPane.swift in Sources */,
				E76E32A6DCC59D70A8C928C9 /* PhotoSourceSettingsModel.swift in Sources */,
				D2491415F9117E7509B0F280 /* PhotoSourceSettingsView.swift in Sources */,
				EDB3BA583A5A44126DA4A601 /* SearchModel.swift in Sources */,
				16FDC664BF4C388B8939276A /* SidebarView.swift in Sources */,
				AE4445BE8F6DD1D0A6667564 /* ThumbnailLoader.swift in Sources */,
			);
			runOnlyForDeploymentPostprocessing = 0;
		};
		6B683B250A492C8543A338FE /* Sources */ = {
			isa = PBXSourcesBuildPhase;
			buildActionMask = 2147483647;
			files = (
				D3366C6F186C2652E7ACD2CC /* AggregatedPhotoSearcher.swift in Sources */,
				552BC2EC1AA3434654B472C9 /* AppGroupStorage.swift in Sources */,
				669FA174B3F6BF2BCD112A64 /* AvatarCatalogClient.swift in Sources */,
				B7C1A94E2D6F40A9B8E71C02 /* AvatarSnapshotReference.swift in Sources */,
				A91B2C3D4E5F60718293A402 /* AvatarType.swift in Sources */,
				F32C1EFE00479572FBC681D7 /* BoundedDownloader.swift in Sources */,
				C4B0FC0109313E28566A3B32 /* DiceBearClient.swift in Sources */,
				3255F9CAD35B8A4106F839F2 /* DiceBearStyle.swift in Sources */,
				99E06263B6E64F072168F5AA /* DiscoveryFeedRepository.swift in Sources */,
				545B0FC78B7BE9A39D073C85 /* DiscoveryFeedSnapshotMutationNotifier.swift in Sources */,
				5DE9203DD14509E97E09AD6A /* DiscoveryRecommendation.swift in Sources */,
				F6A70C1D2E3F405162738498 /* PicrewDiscoveryClient.swift in Sources */,
				C1A4F7890E2D4C10A8B9F016 /* GiphyCatalogClient.swift in Sources */,
				C1A4F7890E2D4C10A8B9F012 /* GiphyEmojiClient.swift in Sources */,
				E2A61F399BDA52C7ABF9624E /* GravatarClient.swift in Sources */,
				371CC77410957FBD596632B2 /* ImageSearchService.swift in Sources */,
				AA71B478F178A01CE438EF6A /* ImageTranscoder.swift in Sources */,
				4A84D3881A34B313A483CCC4 /* MirageSystemIntegration.swift in Sources */,
				2CC413DFB4793C69D095FBC1 /* MetMuseumClient.swift in Sources */,
				6F7EC1559ACF562A306AB57A /* NASAImagesClient.swift in Sources */,
				1E9CA5AF6E0B807B550489DF /* OpenverseClient.swift in Sources */,
				FD9E9BBF0C19A37BE49C3666 /* OpenverseContentSafetyPolicy.swift in Sources */,
				F7545C12AD9D94FD02E6F782 /* OpenversePhotoSource.swift in Sources */,
				538203BB61E1365602C328D1 /* PexelsClient.swift in Sources */,
				08B9BDF121316E6D3AC4E4A4 /* PhotoSearchEnvironment.swift in Sources */,
				4D1C1DFF1F15D855BB8E4879 /* PhotoSource.swift in Sources */,
				57C2AE6F72A4A029869464CF /* PhotoSourceBatchStore.swift in Sources */,
				D5E9A91C70BD6D1C3E44AE73 /* PhotoSourceCredentialStore.swift in Sources */,
				C7E7A302CB037338DE9CF5B3 /* PhotoSourcePreferencesStore.swift in Sources */,
				DA2FABA9159F38E393E698B0 /* PhotoSourceRequestCoordinator.swift in Sources */,
				25F113DAF0298D779B665D72 /* PhotoSourceRequestPolicy.swift in Sources */,
				E439ADFB7420ADC3278E6650 /* PixabayClient.swift in Sources */,
				A044C48E7A09C0FD50AF12B2 /* RemoteImageRecord.swift in Sources */,
				D0C74D78B7CED30B668042B9 /* RobohashClient.swift in Sources */,
				EF9C34C91E5E4A88CA41E68E /* SearchPaginationCursor.swift in Sources */,
				548097202E50C19DC1B219E3 /* SearchQueryParser.swift in Sources */,
				B7C1A94E2D6F40A9B8E71C04 /* ThisPersonDoesNotExistClient.swift in Sources */,
			);
			runOnlyForDeploymentPostprocessing = 0;
		};
		7BB094D7F0BA0849208C1AD9 /* Sources */ = {
			isa = PBXSourcesBuildPhase;
			buildActionMask = 2147483647;
			files = (
				98AAFE21526102B7BA6B703D /* DetailDrawerMetrics.swift in Sources */,
				4AB55F4BCEF3FEF8EA8034E1 /* DetailWindowCoordinator.swift in Sources */,
				98B96EBA4646C81722A518CC /* DetailWindowLayoutState.swift in Sources */,
				1C8AF389EE4655A8882C8938 /* DetailWindowReader.swift in Sources */,
			);
			runOnlyForDeploymentPostprocessing = 0;
		};
		A572ED7D380F8074D57FA6A2 /* Sources */ = {
			isa = PBXSourcesBuildPhase;
			buildActionMask = 2147483647;
			files = (
				549AAB47F800C0AF7025674A /* AggregatedPhotoSearcherConcurrencyTests.swift in Sources */,
				F166E6A23AC9D0EE0B262A3C /* AggregatedPhotoSearcherTests.swift in Sources */,
				B0C8CAB8A4875F0079440D60 /* AppGroupStorageTests.swift in Sources */,
				4C492FF9A121F6F04583F936 /* AvatarProviderTests.swift in Sources */,
				A91B2C3D4E5F60718293A406 /* AvatarTypeFilterTests.swift in Sources */,
				77560B755F59DC94AE0E17BC /* AppViewState.swift in Sources */,
				87BA4968F8E3F713309B5588 /* ConfiguredPhotoSearcherTests.swift in Sources */,
				2B126922A34AF6562188BDDD /* DetailWindowLayoutStateTests.swift in Sources */,
				1A08F66A8FDFA65017F213E5 /* DiscoveryFeedRepositoryTests.swift in Sources */,
				C061B4A747B8151391FD8E20 /* DiscoveryFeedSnapshotMutationNotifierTests.swift in Sources */,
				C1A4F7890E2D4C10A8B9F018 /* GiphyCatalogClientTests.swift in Sources */,
				C1A4F7890E2D4C10A8B9F014 /* GiphyEmojiClientTests.swift in Sources */,
				3BDDC428BFC3CF5FF13389C2 /* ImageSearchServiceTests.swift in Sources */,
				EEA149E852C51464EB293E63 /* ImageTranscoderTests.swift in Sources */,
				2442E64331C433BF9532E3EE /* MetMuseumClientTests.swift in Sources */,
				98242B3563636FF915BAC20D /* NASAImagesClientTests.swift in Sources */,
				D977176AF18B068279086C57 /* OpenverseClientTests.swift in Sources */,
				D47EFB0A88F5378E3D8F92F5 /* PexelsClientTests.swift in Sources */,
				CE626F554C731E200D9E98D1 /* PhotoSourceCredentialStoreTests.swift in Sources */,
				72F5991548F46E610E6C90EB /* PhotoSourcePreferencesStoreTests.swift in Sources */,
				E1F9CC862BCAF5F5276E974F /* PhotoSourceRequestCoordinatorTests.swift in Sources */,
				01C4C2C58935E241F6CC3A5C /* PhotoSourceSettingsModel.swift in Sources */,
				362F5B103E70FAA8FBA8BF19 /* PhotoSourceSettingsModelTests.swift in Sources */,
				2F6E6A490E1F415CCCA9DA66 /* PixabayClientTests.swift in Sources */,
				7AE4CFAC516648C8B220D8EE /* ProviderAsyncSupport.swift in Sources */,
				B54584C3FB00F9050E0AE790 /* ProviderCatalog.swift in Sources */,
				E7541DB1400BD83BF1F7206A /* ProviderDiscoveryTreePlanner.swift in Sources */,
				C4E64B0F4968CAAA1551C856 /* ProviderDiscoveryTreePlannerTests.swift in Sources */,
				5AF8BBA00F619CABF2B099B9 /* ProviderIdentifiers.swift in Sources */,
				51A2048ADB2D4629967639E8 /* ProviderItem.swift in Sources */,
				B3CD7B74F9AACA7C1CFBFEF6 /* ProviderPagePlanner.swift in Sources */,
				8EDC0FC34725E5A6AB8F1824 /* ProviderPagePlannerTests.swift in Sources */,
				CCBBA0227B1E053F67CC5821 /* ProviderRepository.swift in Sources */,
				856A620D824204103E9B84E4 /* ProviderRepositoryPageSnapshotTests.swift in Sources */,
				1008AFCF12DF81DF8615012E /* ProviderSearchCache.swift in Sources */,
				9EDDC96D7EA30CE54CA218D8 /* ProviderSearchResultStoring.swift in Sources */,
				0B2E5534229F988ABF2ABD56 /* ProviderSourcePolicyTests.swift in Sources */,
				B6ED0822DF7334DBE5E61653 /* ProviderThumbnailBatch.swift in Sources */,
				9DD97EB1FABDA5F9FAE29154 /* ProviderThumbnailBatchTests.swift in Sources */,
				AD19852316BE7E8859C3D769 /* QueryAndIdentifierTests.swift in Sources */,
				9BFD2C5ECDDEF2EF2F422870 /* SearchEnumerator.swift in Sources */,
				CF56E5284DA114983E00D94E /* SearchEnumeratorPaginationTests.swift in Sources */,
				166E6FBDE37DDD509C8798F3 /* SearchModel.swift in Sources */,
				E6DD43D57B5965751A166648 /* SearchModelTests.swift in Sources */,
				96EE0D4B2968CB78CC0F7EE2 /* SearchPagePlanner.swift in Sources */,
				C00B6AAD171DB181BBBC8360 /* SearchResult.swift in Sources */,
				0FCAC52F0F826E1FB66A4C54 /* ThumbnailLoader.swift in Sources */,
				13E68A4236820719F19F8B19 /* ThumbnailLoaderTests.swift in Sources */,
			);
			runOnlyForDeploymentPostprocessing = 0;
		};
		D7404C60CFE5C47B894C53A7 /* Sources */ = {
			isa = PBXSourcesBuildPhase;
			buildActionMask = 2147483647;
			files = (
				79F0BD0C9F2EAC0B4D8D24FD /* FileProviderExtension+Content.swift in Sources */,
				C7F640D8CBE3BE2B099C1D87 /* FileProviderExtension.swift in Sources */,
				61041A9D8AE6A48551D518F0 /* ProviderAsyncSupport.swift in Sources */,
				619EB03775C37070DAD75119 /* ProviderCatalog.swift in Sources */,
				B6803EFB4F44CA2D681E473F /* ProviderDiscoveryTreePlanner.swift in Sources */,
				7077B5D834EE7563D1E76A84 /* ProviderEnumerator.swift in Sources */,
				23B488B484C8CB63309A1C78 /* ProviderIdentifiers.swift in Sources */,
				55FA24C51C2F45CDB36B0F41 /* ProviderItem.swift in Sources */,
				299DDFD6FF86E362EEE8C76C /* ProviderPagePlanner.swift in Sources */,
				15220F9D9D4587AE7B8AF69A /* ProviderRepository.swift in Sources */,
				02AF44E803398CF5ADE3F7D2 /* ProviderSearchCache.swift in Sources */,
				D938999B023BCCA9B6039ACD /* ProviderSearchResultStoring.swift in Sources */,
				75E5035BFD3E79A99588FE57 /* ProviderThumbnailBatch.swift in Sources */,
				11347E44DB49B28C351FD56A /* SearchEnumerator.swift in Sources */,
				7292A0A34B51275F855EC788 /* SearchPagePlanner.swift in Sources */,
				149DBC44BEDF226B92940B2A /* SearchResult.swift in Sources */,
			);
			runOnlyForDeploymentPostprocessing = 0;
		};
/* End PBXSourcesBuildPhase section */

/* Begin PBXTargetDependency section */
		53D7E6066C21E1449F7AD07B /* PBXTargetDependency */ = {
			isa = PBXTargetDependency;
			target = 01550E8870FF0AB1B92A6FF7 /* MirageDetailWindow */;
			targetProxy = C4B407E16D080BFF7894D392 /* PBXContainerItemProxy */;
		};
		6C876FF86478501235716BBB /* PBXTargetDependency */ = {
			isa = PBXTargetDependency;
			target = 01550E8870FF0AB1B92A6FF7 /* MirageDetailWindow */;
			targetProxy = 633B00366FB85B295FE0EA06 /* PBXContainerItemProxy */;
		};
		A9416535DFD6FAD1724F488F /* PBXTargetDependency */ = {
			isa = PBXTargetDependency;
			target = B4444DA00E0FD2333EA8648F /* MirageCore */;
			targetProxy = ACE4AF9C2C4A77314B285CCC /* PBXContainerItemProxy */;
		};
		AEFF4EADE775976710FECC38 /* PBXTargetDependency */ = {
			isa = PBXTargetDependency;
			target = B4444DA00E0FD2333EA8648F /* MirageCore */;
			targetProxy = 8F8BB69B13A13F70E2CF1370 /* PBXContainerItemProxy */;
		};
		D74567365CE73CCBC8565CB6 /* PBXTargetDependency */ = {
			isa = PBXTargetDependency;
			target = B4444DA00E0FD2333EA8648F /* MirageCore */;
			targetProxy = 545E47ABF3126927E89B83EA /* PBXContainerItemProxy */;
		};
		E6C9ECA1D054666CC0A82A8E /* PBXTargetDependency */ = {
			isa = PBXTargetDependency;
			target = 3A0FF057342715E723BB0EA5 /* MirageFileProvider */;
			targetProxy = D9280912B01F1C196C203453 /* PBXContainerItemProxy */;
		};
/* End PBXTargetDependency section */

/* Begin XCBuildConfiguration section */
		36770B327A09334FCE861BB7 /* Release */ = {
			isa = XCBuildConfiguration;
			buildSettings = {
				APPLICATION_EXTENSION_API_ONLY = YES;
				CODE_SIGN_ENTITLEMENTS = Config/MirageFileProvider.entitlements;
				COMBINE_HIDPI_IMAGES = YES;
				INFOPLIST_FILE = "Config/MirageFileProvider-Info.plist";
				LD_RUNPATH_SEARCH_PATHS = (
					"$(inherited)",
					"@executable_path/../Frameworks",
					"@executable_path/../../../../Frameworks",
				);
				OTHER_LDFLAGS = (
					"$(inherited)",
					"-ObjC",
				);
				PRODUCT_BUNDLE_IDENTIFIER = com.wenren.Mirage.FileProvider;
				PRODUCT_NAME = MirageFileProvider;
				SDKROOT = macosx;
				SKIP_INSTALL = YES;
			};
			name = Release;
		};
		79C1EAB9F8AFBD873672F40F /* Debug */ = {
			isa = XCBuildConfiguration;
			buildSettings = {
				ASSETCATALOG_COMPILER_APPICON_NAME = AppIcon;
				CODE_SIGN_ENTITLEMENTS = Config/Mirage.entitlements;
				COMBINE_HIDPI_IMAGES = YES;
				INFOPLIST_FILE = "Config/Mirage-Info.plist";
				LD_RUNPATH_SEARCH_PATHS = (
					"$(inherited)",
					"@executable_path/../Frameworks",
				);
				OTHER_LDFLAGS = (
					"$(inherited)",
					"-ObjC",
				);
				PRODUCT_BUNDLE_IDENTIFIER = com.wenren.Mirage;
				PRODUCT_NAME = Mirage;
				SDKROOT = macosx;
			};
			name = Debug;
		};
		7ED2C06C70BA0870E633CB37 /* Release */ = {
			isa = XCBuildConfiguration;
			buildSettings = {
				COMBINE_HIDPI_IMAGES = YES;
				LD_RUNPATH_SEARCH_PATHS = (
					"$(inherited)",
					"@executable_path/../Frameworks",
				);
				PRODUCT_NAME = MirageCore;
				SDKROOT = macosx;
				SKIP_INSTALL = YES;
			};
			name = Release;
		};
		87BE0CD6596AD34DB6B9FB5D /* Release */ = {
			isa = XCBuildConfiguration;
			buildSettings = {
				COMBINE_HIDPI_IMAGES = YES;
				LD_RUNPATH_SEARCH_PATHS = (
					"$(inherited)",
					"@executable_path/../Frameworks",
				);
				PRODUCT_NAME = MirageDetailWindow;
				SDKROOT = macosx;
				SKIP_INSTALL = YES;
			};
			name = Release;
		};
		97DC09AF0D71A80CA16AE45C /* Release */ = {
			isa = XCBuildConfiguration;
			buildSettings = {
				BUNDLE_LOADER = "$(TEST_HOST)";
				CODE_SIGNING_ALLOWED = NO;
				COMBINE_HIDPI_IMAGES = YES;
				GENERATE_INFOPLIST_FILE = YES;
				LD_RUNPATH_SEARCH_PATHS = (
					"$(inherited)",
					"@executable_path/../Frameworks",
					"@loader_path/../Frameworks",
				);
				OTHER_LDFLAGS = (
					"$(inherited)",
					"-ObjC",
				);
				PRODUCT_BUNDLE_IDENTIFIER = com.wenren.Mirage.CoreTests;
				SDKROOT = macosx;
			};
			name = Release;
		};
		9BDBF0A9A30DF09C501350A5 /* Debug */ = {
			isa = XCBuildConfiguration;
			buildSettings = {
				APPLICATION_EXTENSION_API_ONLY = YES;
				CODE_SIGN_ENTITLEMENTS = Config/MirageFileProvider.entitlements;
				COMBINE_HIDPI_IMAGES = YES;
				INFOPLIST_FILE = "Config/MirageFileProvider-Info.plist";
				LD_RUNPATH_SEARCH_PATHS = (
					"$(inherited)",
					"@executable_path/../Frameworks",
					"@executable_path/../../../../Frameworks",
				);
				OTHER_LDFLAGS = (
					"$(inherited)",
					"-ObjC",
				);
				PRODUCT_BUNDLE_IDENTIFIER = com.wenren.Mirage.FileProvider;
				PRODUCT_NAME = MirageFileProvider;
				SDKROOT = macosx;
				SKIP_INSTALL = YES;
			};
			name = Debug;
		};
		9D8C3F682E846E92C1216F90 /* Debug */ = {
			isa = XCBuildConfiguration;
			buildSettings = {
				ALWAYS_SEARCH_USER_PATHS = NO;
				CLANG_ANALYZER_NONNULL = YES;
				CLANG_ANALYZER_NUMBER_OBJECT_CONVERSION = YES_AGGRESSIVE;
				CLANG_CXX_LANGUAGE_STANDARD = "gnu++14";
				CLANG_CXX_LIBRARY = "libc++";
				CLANG_ENABLE_MODULES = YES;
				CLANG_ENABLE_OBJC_ARC = YES;
				CLANG_ENABLE_OBJC_WEAK = YES;
				CLANG_WARN_BLOCK_CAPTURE_AUTORELEASING = YES;
				CLANG_WARN_BOOL_CONVERSION = YES;
				CLANG_WARN_COMMA = YES;
				CLANG_WARN_CONSTANT_CONVERSION = YES;
				CLANG_WARN_DEPRECATED_OBJC_IMPLEMENTATIONS = YES;
				CLANG_WARN_DIRECT_OBJC_ISA_USAGE = YES_ERROR;
				CLANG_WARN_DOCUMENTATION_COMMENTS = YES;
				CLANG_WARN_EMPTY_BODY = YES;
				CLANG_WARN_ENUM_CONVERSION = YES;
				CLANG_WARN_INFINITE_RECURSION = YES;
				CLANG_WARN_INT_CONVERSION = YES;
				CLANG_WARN_NON_LITERAL_NULL_CONVERSION = YES;
				CLANG_WARN_OBJC_IMPLICIT_RETAIN_SELF = YES;
				CLANG_WARN_OBJC_LITERAL_CONVERSION = YES;
				CLANG_WARN_OBJC_ROOT_CLASS = YES_ERROR;
				CLANG_WARN_QUOTED_INCLUDE_IN_FRAMEWORK_HEADER = YES;
				CLANG_WARN_RANGE_LOOP_ANALYSIS = YES;
				CLANG_WARN_STRICT_PROTOTYPES = YES;
				CLANG_WARN_SUSPICIOUS_MOVE = YES;
				CLANG_WARN_UNGUARDED_AVAILABILITY = YES_AGGRESSIVE;
				CLANG_WARN_UNREACHABLE_CODE = YES;
				CLANG_WARN__DUPLICATE_METHOD_MATCH = YES;
				CODE_SIGN_STYLE = Automatic;
				COPY_PHASE_STRIP = NO;
				CURRENT_PROJECT_VERSION = 31;
				DEBUG_INFORMATION_FORMAT = dwarf;
				DEVELOPMENT_TEAM = N4TQ2P9B46;
				ENABLE_HARDENED_RUNTIME = YES;
				ENABLE_STRICT_OBJC_MSGSEND = YES;
				ENABLE_TESTABILITY = YES;
				GCC_C_LANGUAGE_STANDARD = gnu11;
				GCC_DYNAMIC_NO_PIC = NO;
				GCC_NO_COMMON_BLOCKS = YES;
				GCC_OPTIMIZATION_LEVEL = 0;
				GCC_PREPROCESSOR_DEFINITIONS = (
					"$(inherited)",
					"DEBUG=1",
				);
				GCC_WARN_64_TO_32_BIT_CONVERSION = YES;
				GCC_WARN_ABOUT_RETURN_TYPE = YES_ERROR;
				GCC_WARN_UNDECLARED_SELECTOR = YES;
				GCC_WARN_UNINITIALIZED_AUTOS = YES_AGGRESSIVE;
				GCC_WARN_UNUSED_FUNCTION = YES;
				GCC_WARN_UNUSED_VARIABLE = YES;
				MACOSX_DEPLOYMENT_TARGET = 14.0;
				MARKETING_VERSION = 0.3.0;
				MTL_ENABLE_DEBUG_INFO = INCLUDE_SOURCE;
				MTL_FAST_MATH = YES;
				ONLY_ACTIVE_ARCH = YES;
				PRODUCT_NAME = "$(TARGET_NAME)";
				SDKROOT = macosx;
				SWIFT_ACTIVE_COMPILATION_CONDITIONS = DEBUG;
				SWIFT_OPTIMIZATION_LEVEL = "-Onone";
				SWIFT_VERSION = 6.0;
			};
			name = Debug;
		};
		C2BA74F5B3A36CAC9AEB273A /* Debug */ = {
			isa = XCBuildConfiguration;
			buildSettings = {
				BUNDLE_LOADER = "$(TEST_HOST)";
				CODE_SIGNING_ALLOWED = NO;
				COMBINE_HIDPI_IMAGES = YES;
				GENERATE_INFOPLIST_FILE = YES;
				LD_RUNPATH_SEARCH_PATHS = (
					"$(inherited)",
					"@executable_path/../Frameworks",
					"@loader_path/../Frameworks",
				);
				OTHER_LDFLAGS = (
					"$(inherited)",
					"-ObjC",
				);
				PRODUCT_BUNDLE_IDENTIFIER = com.wenren.Mirage.CoreTests;
				SDKROOT = macosx;
			};
			name = Debug;
		};
		D4C2A33C80D68A03455FA199 /* Release */ = {
			isa = XCBuildConfiguration;
			buildSettings = {
				ALWAYS_SEARCH_USER_PATHS = NO;
				CLANG_ANALYZER_NONNULL = YES;
				CLANG_ANALYZER_NUMBER_OBJECT_CONVERSION = YES_AGGRESSIVE;
				CLANG_CXX_LANGUAGE_STANDARD = "gnu++14";
				CLANG_CXX_LIBRARY = "libc++";
				CLANG_ENABLE_MODULES = YES;
				CLANG_ENABLE_OBJC_ARC = YES;
				CLANG_ENABLE_OBJC_WEAK = YES;
				CLANG_WARN_BLOCK_CAPTURE_AUTORELEASING = YES;
				CLANG_WARN_BOOL_CONVERSION = YES;
				CLANG_WARN_COMMA = YES;
				CLANG_WARN_CONSTANT_CONVERSION = YES;
				CLANG_WARN_DEPRECATED_OBJC_IMPLEMENTATIONS = YES;
				CLANG_WARN_DIRECT_OBJC_ISA_USAGE = YES_ERROR;
				CLANG_WARN_DOCUMENTATION_COMMENTS = YES;
				CLANG_WARN_EMPTY_BODY = YES;
				CLANG_WARN_ENUM_CONVERSION = YES;
				CLANG_WARN_INFINITE_RECURSION = YES;
				CLANG_WARN_INT_CONVERSION = YES;
				CLANG_WARN_NON_LITERAL_NULL_CONVERSION = YES;
				CLANG_WARN_OBJC_IMPLICIT_RETAIN_SELF = YES;
				CLANG_WARN_OBJC_LITERAL_CONVERSION = YES;
				CLANG_WARN_OBJC_ROOT_CLASS = YES_ERROR;
				CLANG_WARN_QUOTED_INCLUDE_IN_FRAMEWORK_HEADER = YES;
				CLANG_WARN_RANGE_LOOP_ANALYSIS = YES;
				CLANG_WARN_STRICT_PROTOTYPES = YES;
				CLANG_WARN_SUSPICIOUS_MOVE = YES;
				CLANG_WARN_UNGUARDED_AVAILABILITY = YES_AGGRESSIVE;
				CLANG_WARN_UNREACHABLE_CODE = YES;
				CLANG_WARN__DUPLICATE_METHOD_MATCH = YES;
				CODE_SIGN_STYLE = Automatic;
				COPY_PHASE_STRIP = NO;
				CURRENT_PROJECT_VERSION = 31;
				DEBUG_INFORMATION_FORMAT = "dwarf-with-dsym";
				DEVELOPMENT_TEAM = N4TQ2P9B46;
				ENABLE_HARDENED_RUNTIME = YES;
				ENABLE_NS_ASSERTIONS = NO;
				ENABLE_STRICT_OBJC_MSGSEND = YES;
				GCC_C_LANGUAGE_STANDARD = gnu11;
				GCC_NO_COMMON_BLOCKS = YES;
				GCC_WARN_64_TO_32_BIT_CONVERSION = YES;
				GCC_WARN_ABOUT_RETURN_TYPE = YES_ERROR;
				GCC_WARN_UNDECLARED_SELECTOR = YES;
				GCC_WARN_UNINITIALIZED_AUTOS = YES_AGGRESSIVE;
				GCC_WARN_UNUSED_FUNCTION = YES;
				GCC_WARN_UNUSED_VARIABLE = YES;
				MACOSX_DEPLOYMENT_TARGET = 14.0;
				MARKETING_VERSION = 0.3.0;
				MTL_ENABLE_DEBUG_INFO = NO;
				MTL_FAST_MATH = YES;
				PRODUCT_NAME = "$(TARGET_NAME)";
				SDKROOT = macosx;
				SWIFT_COMPILATION_MODE = wholemodule;
				SWIFT_OPTIMIZATION_LEVEL = "-O";
				SWIFT_VERSION = 6.0;
			};
			name = Release;
		};
		D72B9E78D51913A24BE40162 /* Debug */ = {
			isa = XCBuildConfiguration;
			buildSettings = {
				COMBINE_HIDPI_IMAGES = YES;
				LD_RUNPATH_SEARCH_PATHS = (
					"$(inherited)",
					"@executable_path/../Frameworks",
				);
				PRODUCT_NAME = MirageDetailWindow;
				SDKROOT = macosx;
				SKIP_INSTALL = YES;
			};
			name = Debug;
		};
		DA7D5F1090BB5AB3D3CA6913 /* Debug */ = {
			isa = XCBuildConfiguration;
			buildSettings = {
				COMBINE_HIDPI_IMAGES = YES;
				LD_RUNPATH_SEARCH_PATHS = (
					"$(inherited)",
					"@executable_path/../Frameworks",
				);
				PRODUCT_NAME = MirageCore;
				SDKROOT = macosx;
				SKIP_INSTALL = YES;
			};
			name = Debug;
		};
		F892431146CEB0352DEBF2E2 /* Release */ = {
			isa = XCBuildConfiguration;
			buildSettings = {
				ASSETCATALOG_COMPILER_APPICON_NAME = AppIcon;
				CODE_SIGN_ENTITLEMENTS = Config/Mirage.entitlements;
				COMBINE_HIDPI_IMAGES = YES;
				INFOPLIST_FILE = "Config/Mirage-Info.plist";
				LD_RUNPATH_SEARCH_PATHS = (
					"$(inherited)",
					"@executable_path/../Frameworks",
				);
				OTHER_LDFLAGS = (
					"$(inherited)",
					"-ObjC",
				);
				PRODUCT_BUNDLE_IDENTIFIER = com.wenren.Mirage;
				PRODUCT_NAME = Mirage;
				SDKROOT = macosx;
			};
			name = Release;
		};
/* End XCBuildConfiguration section */

/* Begin XCConfigurationList section */
		8571AC9D3FD996C1557E5300 /* Build configuration list for PBXNativeTarget "MirageDetailWindow" */ = {
			isa = XCConfigurationList;
			buildConfigurations = (
				D72B9E78D51913A24BE40162 /* Debug */,
				87BE0CD6596AD34DB6B9FB5D /* Release */,
			);
			defaultConfigurationIsVisible = 0;
			defaultConfigurationName = Debug;
		};
		94710EF524EEB07D9F2E411D /* Build configuration list for PBXNativeTarget "MirageFileProvider" */ = {
			isa = XCConfigurationList;
			buildConfigurations = (
				9BDBF0A9A30DF09C501350A5 /* Debug */,
				36770B327A09334FCE861BB7 /* Release */,
			);
			defaultConfigurationIsVisible = 0;
			defaultConfigurationName = Debug;
		};
		9716C5CAA8A2BB3972AB278E /* Build configuration list for PBXNativeTarget "MirageCore" */ = {
			isa = XCConfigurationList;
			buildConfigurations = (
				DA7D5F1090BB5AB3D3CA6913 /* Debug */,
				7ED2C06C70BA0870E633CB37 /* Release */,
			);
			defaultConfigurationIsVisible = 0;
			defaultConfigurationName = Debug;
		};
		E8177F80C601459F456C764D /* Build configuration list for PBXNativeTarget "MirageCoreTests" */ = {
			isa = XCConfigurationList;
			buildConfigurations = (
				C2BA74F5B3A36CAC9AEB273A /* Debug */,
				97DC09AF0D71A80CA16AE45C /* Release */,
			);
			defaultConfigurationIsVisible = 0;
			defaultConfigurationName = Debug;
		};
		FA753B8BD8333853E63810A1 /* Build configuration list for PBXProject "Mirage" */ = {
			isa = XCConfigurationList;
			buildConfigurations = (
				9D8C3F682E846E92C1216F90 /* Debug */,
				D4C2A33C80D68A03455FA199 /* Release */,
			);
			defaultConfigurationIsVisible = 0;
			defaultConfigurationName = Debug;
		};
		FE72F8760A20C3845CB01CE3 /* Build configuration list for PBXNativeTarget "Mirage" */ = {
			isa = XCConfigurationList;
			buildConfigurations = (
				79C1EAB9F8AFBD873672F40F /* Debug */,
				F892431146CEB0352DEBF2E2 /* Release */,
			);
			defaultConfigurationIsVisible = 0;
			defaultConfigurationName = Debug;
		};
/* End XCConfigurationList section */
	};
	rootObject = 64BB6AA7F87D7B7DEDE3C3FE /* Project object */;
}
